// !$*UTF8*$!
{
	archiveVersion = 1;
	classes = {
	};
	objectVersion = 51;
	objects = {

/* Begin PBXBuildFile section */
		35DC851BB3D1BDF2DC71564E /* Pods_SLPWalletDemo.framework in Frameworks */ = {isa = PBXBuildFile; fileRef = E95AD30733A9E4F4B8D567D5 /* Pods_SLPWalletDemo.framework */; };
		3B4CE3AC222F0CA8003B326F /* SendTokenInteractor.swift in Sources */ = {isa = PBXBuildFile; fileRef = 3B4CE3AB222F0CA8003B326F /* SendTokenInteractor.swift */; };
		3B79D21E223AB2E400FF3AFB /* SLPWalletDemo.xcdatamodeld in Sources */ = {isa = PBXBuildFile; fileRef = 3B79D21C223AB2E400FF3AFB /* SLPWalletDemo.xcdatamodeld */; };
		3B79D221223AC2F100FF3AFB /* UIViewController+Extensions.swift in Sources */ = {isa = PBXBuildFile; fileRef = 3B79D220223AC2F100FF3AFB /* UIViewController+Extensions.swift */; };
		3B79D227223BE18600FF3AFB /* TokenViewCell.xib in Resources */ = {isa = PBXBuildFile; fileRef = 3B79D226223BE18600FF3AFB /* TokenViewCell.xib */; };
		3B79D229223BE1B000FF3AFB /* TokenViewCell.swift in Sources */ = {isa = PBXBuildFile; fileRef = 3B79D228223BE1B000FF3AFB /* TokenViewCell.swift */; };
		3B7FE867222679F400CB5755 /* AppDelegate.swift in Sources */ = {isa = PBXBuildFile; fileRef = 3B7FE866222679F400CB5755 /* AppDelegate.swift */; };
		3B7FE86C222679F400CB5755 /* Main.storyboard in Resources */ = {isa = PBXBuildFile; fileRef = 3B7FE86A222679F400CB5755 /* Main.storyboard */; };
		3B7FE871222679F500CB5755 /* Assets.xcassets in Resources */ = {isa = PBXBuildFile; fileRef = 3B7FE870222679F500CB5755 /* Assets.xcassets */; };
		3B7FE874222679F500CB5755 /* LaunchScreen.storyboard in Resources */ = {isa = PBXBuildFile; fileRef = 3B7FE872222679F500CB5755 /* LaunchScreen.storyboard */; };
		3B7FE87F222679F500CB5755 /* SLPWalletDemoTests.swift in Sources */ = {isa = PBXBuildFile; fileRef = 3B7FE87E222679F500CB5755 /* SLPWalletDemoTests.swift */; };
		3B7FE88A222679F500CB5755 /* SLPWalletDemoUITests.swift in Sources */ = {isa = PBXBuildFile; fileRef = 3B7FE889222679F500CB5755 /* SLPWalletDemoUITests.swift */; };
		3B7FE90B2228FFDF00CB5755 /* Podfile in Resources */ = {isa = PBXBuildFile; fileRef = 3B7FE90A2228FFDF00CB5755 /* Podfile */; };
		3B82E4442243C385002500C3 /* button_loading_animation.json in Resources */ = {isa = PBXBuildFile; fileRef = 3B82E4432243C385002500C3 /* button_loading_animation.json */; };
		3BA87522222EE8AA008A3B1D /* TokensViewController.swift in Sources */ = {isa = PBXBuildFile; fileRef = 3BA87521222EE8AA008A3B1D /* TokensViewController.swift */; };
		3BA87524222EE8D9008A3B1D /* TokenViewController.swift in Sources */ = {isa = PBXBuildFile; fileRef = 3BA87523222EE8D9008A3B1D /* TokenViewController.swift */; };
		3BA87527222EE8FF008A3B1D /* TokensPresenter.swift in Sources */ = {isa = PBXBuildFile; fileRef = 3BA87526222EE8FF008A3B1D /* TokensPresenter.swift */; };
		3BA87529222EE982008A3B1D /* TokenPresenter.swift in Sources */ = {isa = PBXBuildFile; fileRef = 3BA87528222EE982008A3B1D /* TokenPresenter.swift */; };
		3BA8752B222EE99E008A3B1D /* TokenBuilder.swift in Sources */ = {isa = PBXBuildFile; fileRef = 3BA8752A222EE99E008A3B1D /* TokenBuilder.swift */; };
		3BA8752D222EE9CD008A3B1D /* Token.storyboard in Resources */ = {isa = PBXBuildFile; fileRef = 3BA8752C222EE9CD008A3B1D /* Token.storyboard */; };
		3BA8752F222EEA03008A3B1D /* TokensBuilder.swift in Sources */ = {isa = PBXBuildFile; fileRef = 3BA8752E222EEA03008A3B1D /* TokensBuilder.swift */; };
		3BA87531222EEA3D008A3B1D /* Tokens.storyboard in Resources */ = {isa = PBXBuildFile; fileRef = 3BA87530222EEA3D008A3B1D /* Tokens.storyboard */; };
		3BA87533222EEAA3008A3B1D /* TokensRouter.swift in Sources */ = {isa = PBXBuildFile; fileRef = 3BA87532222EEAA3008A3B1D /* TokensRouter.swift */; };
		3BA87536222EEB46008A3B1D /* BaseRouter.swift in Sources */ = {isa = PBXBuildFile; fileRef = 3BA87535222EEB46008A3B1D /* BaseRouter.swift */; };
		3BA87538222EECB0008A3B1D /* WalletManager.swift in Sources */ = {isa = PBXBuildFile; fileRef = 3BA87537222EECB0008A3B1D /* WalletManager.swift */; };
		3BA8753B222EFB22008A3B1D /* ReceiveViewController.swift in Sources */ = {isa = PBXBuildFile; fileRef = 3BA8753A222EFB22008A3B1D /* ReceiveViewController.swift */; };
		3BA8753D222EFB6E008A3B1D /* ReceivePresenter.swift in Sources */ = {isa = PBXBuildFile; fileRef = 3BA8753C222EFB6E008A3B1D /* ReceivePresenter.swift */; };
		3BA8753F222EFBDC008A3B1D /* ReceiveBuilder.swift in Sources */ = {isa = PBXBuildFile; fileRef = 3BA8753E222EFBDC008A3B1D /* ReceiveBuilder.swift */; };
		3BA87541222EFCB7008A3B1D /* Receive.storyboard in Resources */ = {isa = PBXBuildFile; fileRef = 3BA87540222EFCB7008A3B1D /* Receive.storyboard */; };
		3BA87543222F01A8008A3B1D /* FetchTokensInteractor.swift in Sources */ = {isa = PBXBuildFile; fileRef = 3BA87542222F01A8008A3B1D /* FetchTokensInteractor.swift */; };
		3BA87546222F049A008A3B1D /* RestorePresenter.swift in Sources */ = {isa = PBXBuildFile; fileRef = 3BA87545222F049A008A3B1D /* RestorePresenter.swift */; };
		3BA87548222F051B008A3B1D /* RestoreViewController.swift in Sources */ = {isa = PBXBuildFile; fileRef = 3BA87547222F051B008A3B1D /* RestoreViewController.swift */; };
		3BA8754A222F054E008A3B1D /* Restore.storyboard in Resources */ = {isa = PBXBuildFile; fileRef = 3BA87549222F054E008A3B1D /* Restore.storyboard */; };
		3BA8754C222F0664008A3B1D /* RestoreBuilder.swift in Sources */ = {isa = PBXBuildFile; fileRef = 3BA8754B222F0664008A3B1D /* RestoreBuilder.swift */; };
		3BA8E4342241F234009AE9BE /* success_animation.json in Resources */ = {isa = PBXBuildFile; fileRef = 3BA8E4322241F233009AE9BE /* success_animation.json */; };
		3BA8E4352241F234009AE9BE /* refresh_loading_animation.json in Resources */ = {isa = PBXBuildFile; fileRef = 3BA8E4332241F234009AE9BE /* refresh_loading_animation.json */; };
		3BB10C89224A00CD009BE56D /* UIColor+Extensions.swift in Sources */ = {isa = PBXBuildFile; fileRef = 3BB10C88224A00CD009BE56D /* UIColor+Extensions.swift */; };
		3BB10C8C224A0191009BE56D /* SettingsViewController.swift in Sources */ = {isa = PBXBuildFile; fileRef = 3BB10C8B224A0191009BE56D /* SettingsViewController.swift */; };
		3BB10C8E224A01E8009BE56D /* SettingsPresenter.swift in Sources */ = {isa = PBXBuildFile; fileRef = 3BB10C8D224A01E8009BE56D /* SettingsPresenter.swift */; };
		3BB10C90224A0237009BE56D /* SettingsRouter.swift in Sources */ = {isa = PBXBuildFile; fileRef = 3BB10C8F224A0237009BE56D /* SettingsRouter.swift */; };
		3BB10C92224A027B009BE56D /* SettingsBuilder.swift in Sources */ = {isa = PBXBuildFile; fileRef = 3BB10C91224A027B009BE56D /* SettingsBuilder.swift */; };
		3BB10C94224A02BD009BE56D /* Settings.storyboard in Resources */ = {isa = PBXBuildFile; fileRef = 3BB10C93224A02BD009BE56D /* Settings.storyboard */; };
		3BB10C96224A0853009BE56D /* BaseBuilder.swift in Sources */ = {isa = PBXBuildFile; fileRef = 3BB10C95224A0853009BE56D /* BaseBuilder.swift */; };
		3BB10CA2224A28EB009BE56D /* BackupBuilder.swift in Sources */ = {isa = PBXBuildFile; fileRef = 3BB10C9E224A28EB009BE56D /* BackupBuilder.swift */; };
		3BB10CA3224A28EB009BE56D /* Backup.storyboard in Resources */ = {isa = PBXBuildFile; fileRef = 3BB10C9F224A28EB009BE56D /* Backup.storyboard */; };
		3BB10CA4224A28EB009BE56D /* BackupViewController.swift in Sources */ = {isa = PBXBuildFile; fileRef = 3BB10CA0224A28EB009BE56D /* BackupViewController.swift */; };
		3BB10CA5224A28EB009BE56D /* BackupPresenter.swift in Sources */ = {isa = PBXBuildFile; fileRef = 3BB10CA1224A28EB009BE56D /* BackupPresenter.swift */; };
		3BB10CA7224A2B3F009BE56D /* RestoreWalletInteractor.swift in Sources */ = {isa = PBXBuildFile; fileRef = 3BB10CA6224A2B3F009BE56D /* RestoreWalletInteractor.swift */; };
		3BB10CAB224A3356009BE56D /* rocket_success_animation.json in Resources */ = {isa = PBXBuildFile; fileRef = 3BB10CAA224A3356009BE56D /* rocket_success_animation.json */; };
		3BB10CAD224A33F2009BE56D /* RestoreRouter.swift in Sources */ = {isa = PBXBuildFile; fileRef = 3BB10CAC224A33F2009BE56D /* RestoreRouter.swift */; };
		3BB10CAF224A4ECC009BE56D /* shock_animation.json in Resources */ = {isa = PBXBuildFile; fileRef = 3BB10CAE224A4ECC009BE56D /* shock_animation.json */; };
		3BB79DEF223DADE9007E23EC /* Interface.storyboard in Resources */ = {isa = PBXBuildFile; fileRef = 3BB79DED223DADE9007E23EC /* Interface.storyboard */; };
		3BB79DF1223DADEA007E23EC /* Assets.xcassets in Resources */ = {isa = PBXBuildFile; fileRef = 3BB79DF0223DADEA007E23EC /* Assets.xcassets */; };
		3BB79DF8223DADEA007E23EC /* SLPWalletDemo Watch Extension.appex in Embed App Extensions */ = {isa = PBXBuildFile; fileRef = 3BB79DF7223DADEA007E23EC /* SLPWalletDemo Watch Extension.appex */; settings = {ATTRIBUTES = (RemoveHeadersOnCopy, ); }; };
		3BB79DFD223DADEA007E23EC /* InterfaceController.swift in Sources */ = {isa = PBXBuildFile; fileRef = 3BB79DFC223DADEA007E23EC /* InterfaceController.swift */; };
		3BB79DFF223DADEA007E23EC /* ExtensionDelegate.swift in Sources */ = {isa = PBXBuildFile; fileRef = 3BB79DFE223DADEA007E23EC /* ExtensionDelegate.swift */; };
		3BB79E01223DADEA007E23EC /* NotificationController.swift in Sources */ = {isa = PBXBuildFile; fileRef = 3BB79E00223DADEA007E23EC /* NotificationController.swift */; };
		3BB79E03223DADEB007E23EC /* Assets.xcassets in Resources */ = {isa = PBXBuildFile; fileRef = 3BB79E02223DADEB007E23EC /* Assets.xcassets */; };
		3BB79E08223DADEB007E23EC /* SLPWalletDemo Watch.app in Embed Watch Content */ = {isa = PBXBuildFile; fileRef = 3BB79DEB223DADE9007E23EC /* SLPWalletDemo Watch.app */; };
		3BB79E13223DAF1A007E23EC /* TokenInterfaceController.swift in Sources */ = {isa = PBXBuildFile; fileRef = 3BB79E11223DAF1A007E23EC /* TokenInterfaceController.swift */; };
		3BB79E14223DAF1A007E23EC /* TokensInterfaceController.swift in Sources */ = {isa = PBXBuildFile; fileRef = 3BB79E12223DAF1A007E23EC /* TokensInterfaceController.swift */; };
		3BB79E16223DB275007E23EC /* Double+Extensions.swift in Sources */ = {isa = PBXBuildFile; fileRef = 3BB79E15223DB275007E23EC /* Double+Extensions.swift */; };
		4F0883ECE6F19622EDA568F8 /* Pods_SLPWalletDemoUITests.framework in Frameworks */ = {isa = PBXBuildFile; fileRef = ED814C113710E78A2D63C854 /* Pods_SLPWalletDemoUITests.framework */; };
		93677DCE22423B7800910B0B /* ScannerViewController.swift in Sources */ = {isa = PBXBuildFile; fileRef = 93677DCD22423B7800910B0B /* ScannerViewController.swift */; };
		93677DD022423B8900910B0B /* ScannerPresenter.swift in Sources */ = {isa = PBXBuildFile; fileRef = 93677DCF22423B8900910B0B /* ScannerPresenter.swift */; };
		93677DD222423B9F00910B0B /* ScannerBuilder.swift in Sources */ = {isa = PBXBuildFile; fileRef = 93677DD122423B9F00910B0B /* ScannerBuilder.swift */; };
		93677DD422423BB100910B0B /* Scanner.storyboard in Resources */ = {isa = PBXBuildFile; fileRef = 93677DD322423BB100910B0B /* Scanner.storyboard */; };
		93677DD62242409300910B0B /* TokenRouter.swift in Sources */ = {isa = PBXBuildFile; fileRef = 93677DD52242409300910B0B /* TokenRouter.swift */; };
		93677DD822424DE400910B0B /* ScannerRouter.swift in Sources */ = {isa = PBXBuildFile; fileRef = 93677DD722424DE400910B0B /* ScannerRouter.swift */; };
		93677DDA2242682900910B0B /* qr_animation.json in Resources */ = {isa = PBXBuildFile; fileRef = 93677DD92242682900910B0B /* qr_animation.json */; };
		AA8524F629977606DACDB258 /* Pods_SLPWalletDemoTests.framework in Frameworks */ = {isa = PBXBuildFile; fileRef = 5585E6FEE487A28882FC1441 /* Pods_SLPWalletDemoTests.framework */; };
/* End PBXBuildFile section */

/* Begin PBXContainerItemProxy section */
		3B7FE87B222679F500CB5755 /* PBXContainerItemProxy */ = {
			isa = PBXContainerItemProxy;
			containerPortal = 3B7FE85B222679F400CB5755 /* Project object */;
			proxyType = 1;
			remoteGlobalIDString = 3B7FE862222679F400CB5755;
			remoteInfo = SLPWalletDemo;
		};
		3B7FE886222679F500CB5755 /* PBXContainerItemProxy */ = {
			isa = PBXContainerItemProxy;
			containerPortal = 3B7FE85B222679F400CB5755 /* Project object */;
			proxyType = 1;
			remoteGlobalIDString = 3B7FE862222679F400CB5755;
			remoteInfo = SLPWalletDemo;
		};
		3BB79DF9223DADEA007E23EC /* PBXContainerItemProxy */ = {
			isa = PBXContainerItemProxy;
			containerPortal = 3B7FE85B222679F400CB5755 /* Project object */;
			proxyType = 1;
			remoteGlobalIDString = 3BB79DF6223DADEA007E23EC;
			remoteInfo = "SLPWalletDemo Watch Extension";
		};
		3BB79E06223DADEB007E23EC /* PBXContainerItemProxy */ = {
			isa = PBXContainerItemProxy;
			containerPortal = 3B7FE85B222679F400CB5755 /* Project object */;
			proxyType = 1;
			remoteGlobalIDString = 3BB79DEA223DADE9007E23EC;
			remoteInfo = "SLPWalletDemo Watch";
		};
/* End PBXContainerItemProxy section */

/* Begin PBXCopyFilesBuildPhase section */
		3BB79E0C223DADEB007E23EC /* Embed App Extensions */ = {
			isa = PBXCopyFilesBuildPhase;
			buildActionMask = 2147483647;
			dstPath = "";
			dstSubfolderSpec = 13;
			files = (
				3BB79DF8223DADEA007E23EC /* SLPWalletDemo Watch Extension.appex in Embed App Extensions */,
			);
			name = "Embed App Extensions";
			runOnlyForDeploymentPostprocessing = 0;
		};
		3BB79E10223DADEB007E23EC /* Embed Watch Content */ = {
			isa = PBXCopyFilesBuildPhase;
			buildActionMask = 2147483647;
			dstPath = "$(CONTENTS_FOLDER_PATH)/Watch";
			dstSubfolderSpec = 16;
			files = (
				3BB79E08223DADEB007E23EC /* SLPWalletDemo Watch.app in Embed Watch Content */,
			);
			name = "Embed Watch Content";
			runOnlyForDeploymentPostprocessing = 0;
		};
/* End PBXCopyFilesBuildPhase section */

/* Begin PBXFileReference section */
		3B4CE3AB222F0CA8003B326F /* SendTokenInteractor.swift */ = {isa = PBXFileReference; lastKnownFileType = sourcecode.swift; path = SendTokenInteractor.swift; sourceTree = "<group>"; };
		3B79D21D223AB2E400FF3AFB /* SLPWalletTestApp.xcdatamodel */ = {isa = PBXFileReference; lastKnownFileType = wrapper.xcdatamodel; path = SLPWalletTestApp.xcdatamodel; sourceTree = "<group>"; };
		3B79D220223AC2F100FF3AFB /* UIViewController+Extensions.swift */ = {isa = PBXFileReference; lastKnownFileType = sourcecode.swift; path = "UIViewController+Extensions.swift"; sourceTree = "<group>"; };
		3B79D226223BE18600FF3AFB /* TokenViewCell.xib */ = {isa = PBXFileReference; lastKnownFileType = file.xib; path = TokenViewCell.xib; sourceTree = "<group>"; };
		3B79D228223BE1B000FF3AFB /* TokenViewCell.swift */ = {isa = PBXFileReference; lastKnownFileType = sourcecode.swift; path = TokenViewCell.swift; sourceTree = "<group>"; };
		3B7FE863222679F400CB5755 /* SLPWalletDemo.app */ = {isa = PBXFileReference; explicitFileType = wrapper.application; includeInIndex = 0; path = SLPWalletDemo.app; sourceTree = BUILT_PRODUCTS_DIR; };
		3B7FE866222679F400CB5755 /* AppDelegate.swift */ = {isa = PBXFileReference; lastKnownFileType = sourcecode.swift; path = AppDelegate.swift; sourceTree = "<group>"; };
		3B7FE86B222679F400CB5755 /* Base */ = {isa = PBXFileReference; lastKnownFileType = file.storyboard; name = Base; path = Base.lproj/Main.storyboard; sourceTree = "<group>"; };
		3B7FE870222679F500CB5755 /* Assets.xcassets */ = {isa = PBXFileReference; lastKnownFileType = folder.assetcatalog; path = Assets.xcassets; sourceTree = "<group>"; };
		3B7FE873222679F500CB5755 /* Base */ = {isa = PBXFileReference; lastKnownFileType = file.storyboard; name = Base; path = Base.lproj/LaunchScreen.storyboard; sourceTree = "<group>"; };
		3B7FE875222679F500CB5755 /* Info.plist */ = {isa = PBXFileReference; lastKnownFileType = text.plist.xml; path = Info.plist; sourceTree = "<group>"; };
		3B7FE87A222679F500CB5755 /* SLPWalletDemoTests.xctest */ = {isa = PBXFileReference; explicitFileType = wrapper.cfbundle; includeInIndex = 0; path = SLPWalletDemoTests.xctest; sourceTree = BUILT_PRODUCTS_DIR; };
		3B7FE87E222679F500CB5755 /* SLPWalletDemoTests.swift */ = {isa = PBXFileReference; lastKnownFileType = sourcecode.swift; path = SLPWalletDemoTests.swift; sourceTree = "<group>"; };
		3B7FE880222679F500CB5755 /* Info.plist */ = {isa = PBXFileReference; lastKnownFileType = text.plist.xml; path = Info.plist; sourceTree = "<group>"; };
		3B7FE885222679F500CB5755 /* SLPWalletDemoUITests.xctest */ = {isa = PBXFileReference; explicitFileType = wrapper.cfbundle; includeInIndex = 0; path = SLPWalletDemoUITests.xctest; sourceTree = BUILT_PRODUCTS_DIR; };
		3B7FE889222679F500CB5755 /* SLPWalletDemoUITests.swift */ = {isa = PBXFileReference; lastKnownFileType = sourcecode.swift; path = SLPWalletDemoUITests.swift; sourceTree = "<group>"; };
		3B7FE88B222679F500CB5755 /* Info.plist */ = {isa = PBXFileReference; lastKnownFileType = text.plist.xml; path = Info.plist; sourceTree = "<group>"; };
		3B7FE90322283AD700CB5755 /* SLPWallet.xcworkspace */ = {isa = PBXFileReference; lastKnownFileType = wrapper.workspace; name = SLPWallet.xcworkspace; path = ../../SLPWallet.xcworkspace; sourceTree = "<group>"; };
		3B7FE90A2228FFDF00CB5755 /* Podfile */ = {isa = PBXFileReference; fileEncoding = 4; lastKnownFileType = text; path = Podfile; sourceTree = "<group>"; xcLanguageSpecificationIdentifier = xcode.lang.ruby; };
		3B82E4432243C385002500C3 /* button_loading_animation.json */ = {isa = PBXFileReference; fileEncoding = 4; lastKnownFileType = text.json; path = button_loading_animation.json; sourceTree = "<group>"; };
		3BA87521222EE8AA008A3B1D /* TokensViewController.swift */ = {isa = PBXFileReference; lastKnownFileType = sourcecode.swift; path = TokensViewController.swift; sourceTree = "<group>"; };
		3BA87523222EE8D9008A3B1D /* TokenViewController.swift */ = {isa = PBXFileReference; lastKnownFileType = sourcecode.swift; path = TokenViewController.swift; sourceTree = "<group>"; };
		3BA87526222EE8FF008A3B1D /* TokensPresenter.swift */ = {isa = PBXFileReference; lastKnownFileType = sourcecode.swift; path = TokensPresenter.swift; sourceTree = "<group>"; };
		3BA87528222EE982008A3B1D /* TokenPresenter.swift */ = {isa = PBXFileReference; lastKnownFileType = sourcecode.swift; path = TokenPresenter.swift; sourceTree = "<group>"; };
		3BA8752A222EE99E008A3B1D /* TokenBuilder.swift */ = {isa = PBXFileReference; lastKnownFileType = sourcecode.swift; path = TokenBuilder.swift; sourceTree = "<group>"; };
		3BA8752C222EE9CD008A3B1D /* Token.storyboard */ = {isa = PBXFileReference; lastKnownFileType = file.storyboard; path = Token.storyboard; sourceTree = "<group>"; };
		3BA8752E222EEA03008A3B1D /* TokensBuilder.swift */ = {isa = PBXFileReference; lastKnownFileType = sourcecode.swift; path = TokensBuilder.swift; sourceTree = "<group>"; };
		3BA87530222EEA3D008A3B1D /* Tokens.storyboard */ = {isa = PBXFileReference; lastKnownFileType = file.storyboard; path = Tokens.storyboard; sourceTree = "<group>"; };
		3BA87532222EEAA3008A3B1D /* TokensRouter.swift */ = {isa = PBXFileReference; lastKnownFileType = sourcecode.swift; path = TokensRouter.swift; sourceTree = "<group>"; };
		3BA87535222EEB46008A3B1D /* BaseRouter.swift */ = {isa = PBXFileReference; lastKnownFileType = sourcecode.swift; path = BaseRouter.swift; sourceTree = "<group>"; };
		3BA87537222EECB0008A3B1D /* WalletManager.swift */ = {isa = PBXFileReference; lastKnownFileType = sourcecode.swift; path = WalletManager.swift; sourceTree = "<group>"; };
		3BA8753A222EFB22008A3B1D /* ReceiveViewController.swift */ = {isa = PBXFileReference; lastKnownFileType = sourcecode.swift; path = ReceiveViewController.swift; sourceTree = "<group>"; };
		3BA8753C222EFB6E008A3B1D /* ReceivePresenter.swift */ = {isa = PBXFileReference; lastKnownFileType = sourcecode.swift; path = ReceivePresenter.swift; sourceTree = "<group>"; };
		3BA8753E222EFBDC008A3B1D /* ReceiveBuilder.swift */ = {isa = PBXFileReference; lastKnownFileType = sourcecode.swift; path = ReceiveBuilder.swift; sourceTree = "<group>"; };
		3BA87540222EFCB7008A3B1D /* Receive.storyboard */ = {isa = PBXFileReference; lastKnownFileType = file.storyboard; path = Receive.storyboard; sourceTree = "<group>"; };
		3BA87542222F01A8008A3B1D /* FetchTokensInteractor.swift */ = {isa = PBXFileReference; lastKnownFileType = sourcecode.swift; path = FetchTokensInteractor.swift; sourceTree = "<group>"; };
		3BA87545222F049A008A3B1D /* RestorePresenter.swift */ = {isa = PBXFileReference; lastKnownFileType = sourcecode.swift; path = RestorePresenter.swift; sourceTree = "<group>"; };
		3BA87547222F051B008A3B1D /* RestoreViewController.swift */ = {isa = PBXFileReference; lastKnownFileType = sourcecode.swift; path = RestoreViewController.swift; sourceTree = "<group>"; };
		3BA87549222F054E008A3B1D /* Restore.storyboard */ = {isa = PBXFileReference; lastKnownFileType = file.storyboard; path = Restore.storyboard; sourceTree = "<group>"; };
		3BA8754B222F0664008A3B1D /* RestoreBuilder.swift */ = {isa = PBXFileReference; lastKnownFileType = sourcecode.swift; path = RestoreBuilder.swift; sourceTree = "<group>"; };
		3BA8E4322241F233009AE9BE /* success_animation.json */ = {isa = PBXFileReference; fileEncoding = 4; lastKnownFileType = text.json; path = success_animation.json; sourceTree = "<group>"; };
		3BA8E4332241F234009AE9BE /* refresh_loading_animation.json */ = {isa = PBXFileReference; fileEncoding = 4; lastKnownFileType = text.json; path = refresh_loading_animation.json; sourceTree = "<group>"; };
		3BB10C88224A00CD009BE56D /* UIColor+Extensions.swift */ = {isa = PBXFileReference; lastKnownFileType = sourcecode.swift; path = "UIColor+Extensions.swift"; sourceTree = "<group>"; };
		3BB10C8B224A0191009BE56D /* SettingsViewController.swift */ = {isa = PBXFileReference; lastKnownFileType = sourcecode.swift; path = SettingsViewController.swift; sourceTree = "<group>"; };
		3BB10C8D224A01E8009BE56D /* SettingsPresenter.swift */ = {isa = PBXFileReference; lastKnownFileType = sourcecode.swift; path = SettingsPresenter.swift; sourceTree = "<group>"; };
		3BB10C8F224A0237009BE56D /* SettingsRouter.swift */ = {isa = PBXFileReference; lastKnownFileType = sourcecode.swift; path = SettingsRouter.swift; sourceTree = "<group>"; };
		3BB10C91224A027B009BE56D /* SettingsBuilder.swift */ = {isa = PBXFileReference; lastKnownFileType = sourcecode.swift; path = SettingsBuilder.swift; sourceTree = "<group>"; };
		3BB10C93224A02BD009BE56D /* Settings.storyboard */ = {isa = PBXFileReference; lastKnownFileType = file.storyboard; path = Settings.storyboard; sourceTree = "<group>"; };
		3BB10C95224A0853009BE56D /* BaseBuilder.swift */ = {isa = PBXFileReference; lastKnownFileType = sourcecode.swift; path = BaseBuilder.swift; sourceTree = "<group>"; };
		3BB10C9E224A28EB009BE56D /* BackupBuilder.swift */ = {isa = PBXFileReference; fileEncoding = 4; lastKnownFileType = sourcecode.swift; path = BackupBuilder.swift; sourceTree = "<group>"; };
		3BB10C9F224A28EB009BE56D /* Backup.storyboard */ = {isa = PBXFileReference; fileEncoding = 4; lastKnownFileType = file.storyboard; path = Backup.storyboard; sourceTree = "<group>"; };
		3BB10CA0224A28EB009BE56D /* BackupViewController.swift */ = {isa = PBXFileReference; fileEncoding = 4; lastKnownFileType = sourcecode.swift; path = BackupViewController.swift; sourceTree = "<group>"; };
		3BB10CA1224A28EB009BE56D /* BackupPresenter.swift */ = {isa = PBXFileReference; fileEncoding = 4; lastKnownFileType = sourcecode.swift; path = BackupPresenter.swift; sourceTree = "<group>"; };
		3BB10CA6224A2B3F009BE56D /* RestoreWalletInteractor.swift */ = {isa = PBXFileReference; lastKnownFileType = sourcecode.swift; path = RestoreWalletInteractor.swift; sourceTree = "<group>"; };
		3BB10CAA224A3356009BE56D /* rocket_success_animation.json */ = {isa = PBXFileReference; fileEncoding = 4; lastKnownFileType = text.json; path = rocket_success_animation.json; sourceTree = "<group>"; };
		3BB10CAC224A33F2009BE56D /* RestoreRouter.swift */ = {isa = PBXFileReference; lastKnownFileType = sourcecode.swift; path = RestoreRouter.swift; sourceTree = "<group>"; };
		3BB10CAE224A4ECC009BE56D /* shock_animation.json */ = {isa = PBXFileReference; fileEncoding = 4; lastKnownFileType = text.json; path = shock_animation.json; sourceTree = "<group>"; };
		3BB79DEB223DADE9007E23EC /* SLPWalletDemo Watch.app */ = {isa = PBXFileReference; explicitFileType = wrapper.application; includeInIndex = 0; path = "SLPWalletDemo Watch.app"; sourceTree = BUILT_PRODUCTS_DIR; };
		3BB79DEE223DADE9007E23EC /* Base */ = {isa = PBXFileReference; lastKnownFileType = file.storyboard; name = Base; path = Base.lproj/Interface.storyboard; sourceTree = "<group>"; };
		3BB79DF0223DADEA007E23EC /* Assets.xcassets */ = {isa = PBXFileReference; lastKnownFileType = folder.assetcatalog; path = Assets.xcassets; sourceTree = "<group>"; };
		3BB79DF2223DADEA007E23EC /* Info.plist */ = {isa = PBXFileReference; lastKnownFileType = text.plist.xml; path = Info.plist; sourceTree = "<group>"; };
		3BB79DF7223DADEA007E23EC /* SLPWalletDemo Watch Extension.appex */ = {isa = PBXFileReference; explicitFileType = "wrapper.app-extension"; includeInIndex = 0; path = "SLPWalletDemo Watch Extension.appex"; sourceTree = BUILT_PRODUCTS_DIR; };
		3BB79DFC223DADEA007E23EC /* InterfaceController.swift */ = {isa = PBXFileReference; lastKnownFileType = sourcecode.swift; path = InterfaceController.swift; sourceTree = "<group>"; };
		3BB79DFE223DADEA007E23EC /* ExtensionDelegate.swift */ = {isa = PBXFileReference; lastKnownFileType = sourcecode.swift; path = ExtensionDelegate.swift; sourceTree = "<group>"; };
		3BB79E00223DADEA007E23EC /* NotificationController.swift */ = {isa = PBXFileReference; lastKnownFileType = sourcecode.swift; path = NotificationController.swift; sourceTree = "<group>"; };
		3BB79E02223DADEB007E23EC /* Assets.xcassets */ = {isa = PBXFileReference; lastKnownFileType = folder.assetcatalog; path = Assets.xcassets; sourceTree = "<group>"; };
		3BB79E04223DADEB007E23EC /* Info.plist */ = {isa = PBXFileReference; lastKnownFileType = text.plist.xml; path = Info.plist; sourceTree = "<group>"; };
		3BB79E05223DADEB007E23EC /* PushNotificationPayload.apns */ = {isa = PBXFileReference; lastKnownFileType = text; path = PushNotificationPayload.apns; sourceTree = "<group>"; };
		3BB79E11223DAF1A007E23EC /* TokenInterfaceController.swift */ = {isa = PBXFileReference; fileEncoding = 4; lastKnownFileType = sourcecode.swift; path = TokenInterfaceController.swift; sourceTree = "<group>"; };
		3BB79E12223DAF1A007E23EC /* TokensInterfaceController.swift */ = {isa = PBXFileReference; fileEncoding = 4; lastKnownFileType = sourcecode.swift; path = TokensInterfaceController.swift; sourceTree = "<group>"; };
		3BB79E15223DB275007E23EC /* Double+Extensions.swift */ = {isa = PBXFileReference; lastKnownFileType = sourcecode.swift; path = "Double+Extensions.swift"; sourceTree = "<group>"; };
		3BD750A72237D05200CF5072 /* SLPWalletDemo.entitlements */ = {isa = PBXFileReference; fileEncoding = 4; lastKnownFileType = text.plist.entitlements; path = SLPWalletDemo.entitlements; sourceTree = "<group>"; };
		436A15B5C54717E8CD774D71 /* Pods-SLPWalletDemo.release.xcconfig */ = {isa = PBXFileReference; includeInIndex = 1; lastKnownFileType = text.xcconfig; name = "Pods-SLPWalletDemo.release.xcconfig"; path = "Target Support Files/Pods-SLPWalletDemo/Pods-SLPWalletDemo.release.xcconfig"; sourceTree = "<group>"; };
		5585E6FEE487A28882FC1441 /* Pods_SLPWalletDemoTests.framework */ = {isa = PBXFileReference; explicitFileType = wrapper.framework; includeInIndex = 0; path = Pods_SLPWalletDemoTests.framework; sourceTree = BUILT_PRODUCTS_DIR; };
		8034A184B62339AD8AE73F86 /* Pods-SLPWalletDemoTests.release.xcconfig */ = {isa = PBXFileReference; includeInIndex = 1; lastKnownFileType = text.xcconfig; name = "Pods-SLPWalletDemoTests.release.xcconfig"; path = "Target Support Files/Pods-SLPWalletDemoTests/Pods-SLPWalletDemoTests.release.xcconfig"; sourceTree = "<group>"; };
		93677DCD22423B7800910B0B /* ScannerViewController.swift */ = {isa = PBXFileReference; lastKnownFileType = sourcecode.swift; path = ScannerViewController.swift; sourceTree = "<group>"; };
		93677DCF22423B8900910B0B /* ScannerPresenter.swift */ = {isa = PBXFileReference; lastKnownFileType = sourcecode.swift; path = ScannerPresenter.swift; sourceTree = "<group>"; };
		93677DD122423B9F00910B0B /* ScannerBuilder.swift */ = {isa = PBXFileReference; lastKnownFileType = sourcecode.swift; path = ScannerBuilder.swift; sourceTree = "<group>"; };
		93677DD322423BB100910B0B /* Scanner.storyboard */ = {isa = PBXFileReference; lastKnownFileType = file.storyboard; path = Scanner.storyboard; sourceTree = "<group>"; };
		93677DD52242409300910B0B /* TokenRouter.swift */ = {isa = PBXFileReference; lastKnownFileType = sourcecode.swift; path = TokenRouter.swift; sourceTree = "<group>"; };
		93677DD722424DE400910B0B /* ScannerRouter.swift */ = {isa = PBXFileReference; lastKnownFileType = sourcecode.swift; path = ScannerRouter.swift; sourceTree = "<group>"; };
		93677DD92242682900910B0B /* qr_animation.json */ = {isa = PBXFileReference; fileEncoding = 4; lastKnownFileType = text.json; path = qr_animation.json; sourceTree = "<group>"; };
		9ED2A8BB8345AD47F3B57DB5 /* Pods-SLPWalletDemoTests.debug.xcconfig */ = {isa = PBXFileReference; includeInIndex = 1; lastKnownFileType = text.xcconfig; name = "Pods-SLPWalletDemoTests.debug.xcconfig"; path = "Target Support Files/Pods-SLPWalletDemoTests/Pods-SLPWalletDemoTests.debug.xcconfig"; sourceTree = "<group>"; };
		B441FA68616D750BBB1C343D /* Pods-SLPWalletDemo.debug.xcconfig */ = {isa = PBXFileReference; includeInIndex = 1; lastKnownFileType = text.xcconfig; name = "Pods-SLPWalletDemo.debug.xcconfig"; path = "Target Support Files/Pods-SLPWalletDemo/Pods-SLPWalletDemo.debug.xcconfig"; sourceTree = "<group>"; };
		C193BCFD73104A0CC835DCEE /* Pods-SLPWalletDemoUITests.debug.xcconfig */ = {isa = PBXFileReference; includeInIndex = 1; lastKnownFileType = text.xcconfig; name = "Pods-SLPWalletDemoUITests.debug.xcconfig"; path = "Target Support Files/Pods-SLPWalletDemoUITests/Pods-SLPWalletDemoUITests.debug.xcconfig"; sourceTree = "<group>"; };
		CA8F0A0A8EC5D99F68F511EE /* Pods-SLPWalletDemoUITests.release.xcconfig */ = {isa = PBXFileReference; includeInIndex = 1; lastKnownFileType = text.xcconfig; name = "Pods-SLPWalletDemoUITests.release.xcconfig"; path = "Target Support Files/Pods-SLPWalletDemoUITests/Pods-SLPWalletDemoUITests.release.xcconfig"; sourceTree = "<group>"; };
		E95AD30733A9E4F4B8D567D5 /* Pods_SLPWalletDemo.framework */ = {isa = PBXFileReference; explicitFileType = wrapper.framework; includeInIndex = 0; path = Pods_SLPWalletDemo.framework; sourceTree = BUILT_PRODUCTS_DIR; };
		ED814C113710E78A2D63C854 /* Pods_SLPWalletDemoUITests.framework */ = {isa = PBXFileReference; explicitFileType = wrapper.framework; includeInIndex = 0; path = Pods_SLPWalletDemoUITests.framework; sourceTree = BUILT_PRODUCTS_DIR; };
/* End PBXFileReference section */

/* Begin PBXFrameworksBuildPhase section */
		34F8212D360168D9BAB988DF /* Frameworks */ = {
			isa = PBXFrameworksBuildPhase;
			buildActionMask = 2147483647;
			files = (
			);
			runOnlyForDeploymentPostprocessing = 0;
		};
		3B7FE860222679F400CB5755 /* Frameworks */ = {
			isa = PBXFrameworksBuildPhase;
			buildActionMask = 2147483647;
			files = (
				35DC851BB3D1BDF2DC71564E /* Pods_SLPWalletDemo.framework in Frameworks */,
			);
			runOnlyForDeploymentPostprocessing = 0;
		};
		3B7FE877222679F500CB5755 /* Frameworks */ = {
			isa = PBXFrameworksBuildPhase;
			buildActionMask = 2147483647;
			files = (
				AA8524F629977606DACDB258 /* Pods_SLPWalletDemoTests.framework in Frameworks */,
			);
			runOnlyForDeploymentPostprocessing = 0;
		};
		3B7FE882222679F500CB5755 /* Frameworks */ = {
			isa = PBXFrameworksBuildPhase;
			buildActionMask = 2147483647;
			files = (
				4F0883ECE6F19622EDA568F8 /* Pods_SLPWalletDemoUITests.framework in Frameworks */,
			);
			runOnlyForDeploymentPostprocessing = 0;
		};
		3BB79DF4223DADEA007E23EC /* Frameworks */ = {
			isa = PBXFrameworksBuildPhase;
			buildActionMask = 2147483647;
			files = (
			);
			runOnlyForDeploymentPostprocessing = 0;
		};
/* End PBXFrameworksBuildPhase section */

/* Begin PBXGroup section */
		3B4CE3AD222F0F87003B326F /* Interactor */ = {
			isa = PBXGroup;
			children = (
				3BA87542222F01A8008A3B1D /* FetchTokensInteractor.swift */,
				3B4CE3AB222F0CA8003B326F /* SendTokenInteractor.swift */,
				3BB10CA6224A2B3F009BE56D /* RestoreWalletInteractor.swift */,
			);
			path = Interactor;
			sourceTree = "<group>";
		};
		3B4CE3AE222F0FA3003B326F /* Manager */ = {
			isa = PBXGroup;
			children = (
				3BA87537222EECB0008A3B1D /* WalletManager.swift */,
			);
			path = Manager;
			sourceTree = "<group>";
		};
		3B4CE3AF222F0FAF003B326F /* Router */ = {
			isa = PBXGroup;
			children = (
				3BA87535222EEB46008A3B1D /* BaseRouter.swift */,
			);
			path = Router;
			sourceTree = "<group>";
		};
		3B79D21F223AC2CD00FF3AFB /* Extension */ = {
			isa = PBXGroup;
			children = (
				3B79D220223AC2F100FF3AFB /* UIViewController+Extensions.swift */,
				3BB79E15223DB275007E23EC /* Double+Extensions.swift */,
				3BB10C88224A00CD009BE56D /* UIColor+Extensions.swift */,
			);
			path = Extension;
			sourceTree = "<group>";
		};
		3B79D225223BE15B00FF3AFB /* Token */ = {
			isa = PBXGroup;
			children = (
				3B79D226223BE18600FF3AFB /* TokenViewCell.xib */,
				3B79D228223BE1B000FF3AFB /* TokenViewCell.swift */,
			);
			path = Token;
			sourceTree = "<group>";
		};
		3B7FE85A222679F400CB5755 = {
			isa = PBXGroup;
			children = (
				3B7FE90A2228FFDF00CB5755 /* Podfile */,
				3B7FE865222679F400CB5755 /* SLPWalletDemo */,
				3B7FE87D222679F500CB5755 /* SLPWalletDemoTests */,
				3B7FE888222679F500CB5755 /* SLPWalletDemoUITests */,
				3BB79DEC223DADE9007E23EC /* SLPWalletDemo Watch */,
				3BB79DFB223DADEA007E23EC /* SLPWalletDemo Watch Extension */,
				3B7FE864222679F400CB5755 /* Products */,
				3B7FE8CB22267F0500CB5755 /* Frameworks */,
				CFE494F9D6423AD77A2A4B65 /* Pods */,
			);
			sourceTree = "<group>";
		};
		3B7FE864222679F400CB5755 /* Products */ = {
			isa = PBXGroup;
			children = (
				3B7FE863222679F400CB5755 /* SLPWalletDemo.app */,
				3B7FE87A222679F500CB5755 /* SLPWalletDemoTests.xctest */,
				3B7FE885222679F500CB5755 /* SLPWalletDemoUITests.xctest */,
				3BB79DEB223DADE9007E23EC /* SLPWalletDemo Watch.app */,
				3BB79DF7223DADEA007E23EC /* SLPWalletDemo Watch Extension.appex */,
			);
			name = Products;
			sourceTree = "<group>";
		};
		3B7FE865222679F400CB5755 /* SLPWalletDemo */ = {
			isa = PBXGroup;
			children = (
				3BA87534222EEB3D008A3B1D /* Common */,
				3BB10C8A224A0174009BE56D /* Settings */,
				3BB10C9D224A28EB009BE56D /* Backup */,
				3BA87544222F047E008A3B1D /* Restore */,
				3BA87539222EFB09008A3B1D /* Receive */,
				93677DCC22423B4B00910B0B /* Scanner */,
				3BA87525222EE8E4008A3B1D /* Token */,
				3BA87520222EE875008A3B1D /* Tokens */,
				3B7FE866222679F400CB5755 /* AppDelegate.swift */,
				3B7FE86A222679F400CB5755 /* Main.storyboard */,
				3BB10CAA224A3356009BE56D /* rocket_success_animation.json */,
				3B7FE870222679F500CB5755 /* Assets.xcassets */,
				93677DD92242682900910B0B /* qr_animation.json */,
				3B82E4432243C385002500C3 /* button_loading_animation.json */,
				3BA8E4332241F234009AE9BE /* refresh_loading_animation.json */,
				3BB10CAE224A4ECC009BE56D /* shock_animation.json */,
				3BA8E4322241F233009AE9BE /* success_animation.json */,
				3B7FE872222679F500CB5755 /* LaunchScreen.storyboard */,
				3B7FE875222679F500CB5755 /* Info.plist */,
				3B79D21C223AB2E400FF3AFB /* SLPWalletDemo.xcdatamodeld */,
				3BD750A72237D05200CF5072 /* SLPWalletDemo.entitlements */,
			);
			path = SLPWalletDemo;
			sourceTree = "<group>";
		};
		3B7FE87D222679F500CB5755 /* SLPWalletDemoTests */ = {
			isa = PBXGroup;
			children = (
				3B7FE87E222679F500CB5755 /* SLPWalletDemoTests.swift */,
				3B7FE880222679F500CB5755 /* Info.plist */,
			);
			path = SLPWalletDemoTests;
			sourceTree = "<group>";
		};
		3B7FE888222679F500CB5755 /* SLPWalletDemoUITests */ = {
			isa = PBXGroup;
			children = (
				3B7FE889222679F500CB5755 /* SLPWalletDemoUITests.swift */,
				3B7FE88B222679F500CB5755 /* Info.plist */,
			);
			path = SLPWalletDemoUITests;
			sourceTree = "<group>";
		};
		3B7FE8CB22267F0500CB5755 /* Frameworks */ = {
			isa = PBXGroup;
			children = (
				3B7FE90322283AD700CB5755 /* SLPWallet.xcworkspace */,
				E95AD30733A9E4F4B8D567D5 /* Pods_SLPWalletDemo.framework */,
				5585E6FEE487A28882FC1441 /* Pods_SLPWalletDemoTests.framework */,
				ED814C113710E78A2D63C854 /* Pods_SLPWalletDemoUITests.framework */,
			);
			name = Frameworks;
			sourceTree = "<group>";
		};
		3BA87520222EE875008A3B1D /* Tokens */ = {
			isa = PBXGroup;
			children = (
				3B79D225223BE15B00FF3AFB /* Token */,
				3BA87521222EE8AA008A3B1D /* TokensViewController.swift */,
				3BA87526222EE8FF008A3B1D /* TokensPresenter.swift */,
				3BA8752E222EEA03008A3B1D /* TokensBuilder.swift */,
				3BA87532222EEAA3008A3B1D /* TokensRouter.swift */,
				3BA87530222EEA3D008A3B1D /* Tokens.storyboard */,
			);
			path = Tokens;
			sourceTree = "<group>";
		};
		3BA87525222EE8E4008A3B1D /* Token */ = {
			isa = PBXGroup;
			children = (
				3BA87523222EE8D9008A3B1D /* TokenViewController.swift */,
				3BA87528222EE982008A3B1D /* TokenPresenter.swift */,
				3BA8752A222EE99E008A3B1D /* TokenBuilder.swift */,
				93677DD52242409300910B0B /* TokenRouter.swift */,
				3BA8752C222EE9CD008A3B1D /* Token.storyboard */,
			);
			path = Token;
			sourceTree = "<group>";
		};
		3BA87534222EEB3D008A3B1D /* Common */ = {
			isa = PBXGroup;
			children = (
				3BB10C97224A085A009BE56D /* Builder */,
				3B79D21F223AC2CD00FF3AFB /* Extension */,
				3B4CE3AF222F0FAF003B326F /* Router */,
				3B4CE3AE222F0FA3003B326F /* Manager */,
				3B4CE3AD222F0F87003B326F /* Interactor */,
			);
			path = Common;
			sourceTree = "<group>";
		};
		3BA87539222EFB09008A3B1D /* Receive */ = {
			isa = PBXGroup;
			children = (
				3BA8753A222EFB22008A3B1D /* ReceiveViewController.swift */,
				3BA8753C222EFB6E008A3B1D /* ReceivePresenter.swift */,
				3BA8753E222EFBDC008A3B1D /* ReceiveBuilder.swift */,
				3BA87540222EFCB7008A3B1D /* Receive.storyboard */,
			);
			path = Receive;
			sourceTree = "<group>";
		};
		3BA87544222F047E008A3B1D /* Restore */ = {
			isa = PBXGroup;
			children = (
				3BA87545222F049A008A3B1D /* RestorePresenter.swift */,
				3BA87547222F051B008A3B1D /* RestoreViewController.swift */,
				3BA8754B222F0664008A3B1D /* RestoreBuilder.swift */,
				3BB10CAC224A33F2009BE56D /* RestoreRouter.swift */,
				3BA87549222F054E008A3B1D /* Restore.storyboard */,
			);
			path = Restore;
			sourceTree = "<group>";
		};
		3BB10C8A224A0174009BE56D /* Settings */ = {
			isa = PBXGroup;
			children = (
				3BB10C8B224A0191009BE56D /* SettingsViewController.swift */,
				3BB10C8D224A01E8009BE56D /* SettingsPresenter.swift */,
				3BB10C8F224A0237009BE56D /* SettingsRouter.swift */,
				3BB10C91224A027B009BE56D /* SettingsBuilder.swift */,
				3BB10C93224A02BD009BE56D /* Settings.storyboard */,
			);
			path = Settings;
			sourceTree = "<group>";
		};
		3BB10C97224A085A009BE56D /* Builder */ = {
			isa = PBXGroup;
			children = (
				3BB10C95224A0853009BE56D /* BaseBuilder.swift */,
			);
			path = Builder;
			sourceTree = "<group>";
		};
		3BB10C9D224A28EB009BE56D /* Backup */ = {
			isa = PBXGroup;
			children = (
				3BB10C9E224A28EB009BE56D /* BackupBuilder.swift */,
				3BB10C9F224A28EB009BE56D /* Backup.storyboard */,
				3BB10CA0224A28EB009BE56D /* BackupViewController.swift */,
				3BB10CA1224A28EB009BE56D /* BackupPresenter.swift */,
			);
			path = Backup;
			sourceTree = "<group>";
		};
		3BB79DEC223DADE9007E23EC /* SLPWalletDemo Watch */ = {
			isa = PBXGroup;
			children = (
				3BB79DED223DADE9007E23EC /* Interface.storyboard */,
				3BB79DF0223DADEA007E23EC /* Assets.xcassets */,
				3BB79DF2223DADEA007E23EC /* Info.plist */,
			);
			path = "SLPWalletDemo Watch";
			sourceTree = "<group>";
		};
		3BB79DFB223DADEA007E23EC /* SLPWalletDemo Watch Extension */ = {
			isa = PBXGroup;
			children = (
				3BB79E11223DAF1A007E23EC /* TokenInterfaceController.swift */,
				3BB79E12223DAF1A007E23EC /* TokensInterfaceController.swift */,
				3BB79DFC223DADEA007E23EC /* InterfaceController.swift */,
				3BB79DFE223DADEA007E23EC /* ExtensionDelegate.swift */,
				3BB79E00223DADEA007E23EC /* NotificationController.swift */,
				3BB79E02223DADEB007E23EC /* Assets.xcassets */,
				3BB79E04223DADEB007E23EC /* Info.plist */,
				3BB79E05223DADEB007E23EC /* PushNotificationPayload.apns */,
			);
			path = "SLPWalletDemo Watch Extension";
			sourceTree = "<group>";
		};
		93677DCC22423B4B00910B0B /* Scanner */ = {
			isa = PBXGroup;
			children = (
				93677DCD22423B7800910B0B /* ScannerViewController.swift */,
				93677DCF22423B8900910B0B /* ScannerPresenter.swift */,
				93677DD122423B9F00910B0B /* ScannerBuilder.swift */,
				93677DD722424DE400910B0B /* ScannerRouter.swift */,
				93677DD322423BB100910B0B /* Scanner.storyboard */,
			);
			path = Scanner;
			sourceTree = "<group>";
		};
		CFE494F9D6423AD77A2A4B65 /* Pods */ = {
			isa = PBXGroup;
			children = (
				B441FA68616D750BBB1C343D /* Pods-SLPWalletDemo.debug.xcconfig */,
				436A15B5C54717E8CD774D71 /* Pods-SLPWalletDemo.release.xcconfig */,
				9ED2A8BB8345AD47F3B57DB5 /* Pods-SLPWalletDemoTests.debug.xcconfig */,
				8034A184B62339AD8AE73F86 /* Pods-SLPWalletDemoTests.release.xcconfig */,
				C193BCFD73104A0CC835DCEE /* Pods-SLPWalletDemoUITests.debug.xcconfig */,
				CA8F0A0A8EC5D99F68F511EE /* Pods-SLPWalletDemoUITests.release.xcconfig */,
			);
			path = Pods;
			sourceTree = "<group>";
		};
/* End PBXGroup section */

/* Begin PBXNativeTarget section */
		3B7FE862222679F400CB5755 /* SLPWalletDemo */ = {
			isa = PBXNativeTarget;
			buildConfigurationList = 3B7FE88E222679F500CB5755 /* Build configuration list for PBXNativeTarget "SLPWalletDemo" */;
			buildPhases = (
				BBE27C439B85B4BF1926232E /* [CP] Check Pods Manifest.lock */,
				3B7FE85F222679F400CB5755 /* Sources */,
				3B7FE860222679F400CB5755 /* Frameworks */,
				3B7FE861222679F400CB5755 /* Resources */,
				3BB79E10223DADEB007E23EC /* Embed Watch Content */,
				601C42FB521D00F7C743BF13 /* [CP] Embed Pods Frameworks */,
			);
			buildRules = (
			);
			dependencies = (
				3BB79E07223DADEB007E23EC /* PBXTargetDependency */,
			);
			name = SLPWalletDemo;
			productName = SLPWalletDemo;
			productReference = 3B7FE863222679F400CB5755 /* SLPWalletDemo.app */;
			productType = "com.apple.product-type.application";
		};
		3B7FE879222679F500CB5755 /* SLPWalletDemoTests */ = {
			isa = PBXNativeTarget;
			buildConfigurationList = 3B7FE891222679F500CB5755 /* Build configuration list for PBXNativeTarget "SLPWalletDemoTests" */;
			buildPhases = (
				0C27A6CCEC5A064EAED5DBA2 /* [CP] Check Pods Manifest.lock */,
				3B7FE876222679F500CB5755 /* Sources */,
				3B7FE877222679F500CB5755 /* Frameworks */,
				3B7FE878222679F500CB5755 /* Resources */,
			);
			buildRules = (
			);
			dependencies = (
				3B7FE87C222679F500CB5755 /* PBXTargetDependency */,
			);
			name = SLPWalletDemoTests;
			productName = SLPWalletDemoTests;
			productReference = 3B7FE87A222679F500CB5755 /* SLPWalletDemoTests.xctest */;
			productType = "com.apple.product-type.bundle.unit-test";
		};
		3B7FE884222679F500CB5755 /* SLPWalletDemoUITests */ = {
			isa = PBXNativeTarget;
			buildConfigurationList = 3B7FE894222679F500CB5755 /* Build configuration list for PBXNativeTarget "SLPWalletDemoUITests" */;
			buildPhases = (
				F979D260E99E8B055EDFFBCA /* [CP] Check Pods Manifest.lock */,
				3B7FE881222679F500CB5755 /* Sources */,
				3B7FE882222679F500CB5755 /* Frameworks */,
				3B7FE883222679F500CB5755 /* Resources */,
			);
			buildRules = (
			);
			dependencies = (
				3B7FE887222679F500CB5755 /* PBXTargetDependency */,
			);
			name = SLPWalletDemoUITests;
			productName = SLPWalletDemoUITests;
			productReference = 3B7FE885222679F500CB5755 /* SLPWalletDemoUITests.xctest */;
			productType = "com.apple.product-type.bundle.ui-testing";
		};
		3BB79DEA223DADE9007E23EC /* SLPWalletDemo Watch */ = {
			isa = PBXNativeTarget;
			buildConfigurationList = 3BB79E0D223DADEB007E23EC /* Build configuration list for PBXNativeTarget "SLPWalletDemo Watch" */;
			buildPhases = (
				3BB79DE9223DADE9007E23EC /* Resources */,
				3BB79E0C223DADEB007E23EC /* Embed App Extensions */,
				34F8212D360168D9BAB988DF /* Frameworks */,
			);
			buildRules = (
			);
			dependencies = (
				3BB79DFA223DADEA007E23EC /* PBXTargetDependency */,
			);
			name = "SLPWalletDemo Watch";
			productName = "SLPWalletDemo Watch";
			productReference = 3BB79DEB223DADE9007E23EC /* SLPWalletDemo Watch.app */;
			productType = "com.apple.product-type.application.watchapp2";
		};
		3BB79DF6223DADEA007E23EC /* SLPWalletDemo Watch Extension */ = {
			isa = PBXNativeTarget;
			buildConfigurationList = 3BB79E09223DADEB007E23EC /* Build configuration list for PBXNativeTarget "SLPWalletDemo Watch Extension" */;
			buildPhases = (
				3BB79DF3223DADEA007E23EC /* Sources */,
				3BB79DF4223DADEA007E23EC /* Frameworks */,
				3BB79DF5223DADEA007E23EC /* Resources */,
			);
			buildRules = (
			);
			dependencies = (
			);
			name = "SLPWalletDemo Watch Extension";
			productName = "SLPWalletDemo Watch Extension";
			productReference = 3BB79DF7223DADEA007E23EC /* SLPWalletDemo Watch Extension.appex */;
			productType = "com.apple.product-type.watchkit2-extension";
		};
/* End PBXNativeTarget section */

/* Begin PBXProject section */
		3B7FE85B222679F400CB5755 /* Project object */ = {
			isa = PBXProject;
			attributes = {
				LastSwiftUpdateCheck = 1010;
				LastUpgradeCheck = 1010;
				ORGANIZATIONNAME = Bitcoin.com;
				TargetAttributes = {
					3B7FE862222679F400CB5755 = {
						CreatedOnToolsVersion = 10.1;
					};
					3B7FE879222679F500CB5755 = {
						CreatedOnToolsVersion = 10.1;
						TestTargetID = 3B7FE862222679F400CB5755;
					};
					3B7FE884222679F500CB5755 = {
						CreatedOnToolsVersion = 10.1;
						TestTargetID = 3B7FE862222679F400CB5755;
					};
					3BB79DEA223DADE9007E23EC = {
						CreatedOnToolsVersion = 10.1;
					};
					3BB79DF6223DADEA007E23EC = {
						CreatedOnToolsVersion = 10.1;
					};
				};
			};
			buildConfigurationList = 3B7FE85E222679F400CB5755 /* Build configuration list for PBXProject "SLPWalletDemo" */;
			compatibilityVersion = "Xcode 9.3";
			developmentRegion = en;
			hasScannedForEncodings = 0;
			knownRegions = (
				en,
				Base,
			);
			mainGroup = 3B7FE85A222679F400CB5755;
			productRefGroup = 3B7FE864222679F400CB5755 /* Products */;
			projectDirPath = "";
			projectRoot = "";
			targets = (
				3B7FE862222679F400CB5755 /* SLPWalletDemo */,
				3B7FE879222679F500CB5755 /* SLPWalletDemoTests */,
				3B7FE884222679F500CB5755 /* SLPWalletDemoUITests */,
				3BB79DEA223DADE9007E23EC /* SLPWalletDemo Watch */,
				3BB79DF6223DADEA007E23EC /* SLPWalletDemo Watch Extension */,
			);
		};
/* End PBXProject section */

/* Begin PBXResourcesBuildPhase section */
		3B7FE861222679F400CB5755 /* Resources */ = {
			isa = PBXResourcesBuildPhase;
			buildActionMask = 2147483647;
			files = (
				3BB10CA3224A28EB009BE56D /* Backup.storyboard in Resources */,
				3BA8754A222F054E008A3B1D /* Restore.storyboard in Resources */,
				3B7FE874222679F500CB5755 /* LaunchScreen.storyboard in Resources */,
				3BA8752D222EE9CD008A3B1D /* Token.storyboard in Resources */,
				3BA8E4352241F234009AE9BE /* refresh_loading_animation.json in Resources */,
				3BA87531222EEA3D008A3B1D /* Tokens.storyboard in Resources */,
				3BA8E4342241F234009AE9BE /* success_animation.json in Resources */,
				3BA87541222EFCB7008A3B1D /* Receive.storyboard in Resources */,
				3B7FE871222679F500CB5755 /* Assets.xcassets in Resources */,
				93677DDA2242682900910B0B /* qr_animation.json in Resources */,
				3BB10C94224A02BD009BE56D /* Settings.storyboard in Resources */,
				3B82E4442243C385002500C3 /* button_loading_animation.json in Resources */,
				3BB10CAB224A3356009BE56D /* rocket_success_animation.json in Resources */,
				3B7FE90B2228FFDF00CB5755 /* Podfile in Resources */,
				3B79D227223BE18600FF3AFB /* TokenViewCell.xib in Resources */,
				3B7FE86C222679F400CB5755 /* Main.storyboard in Resources */,
				93677DD422423BB100910B0B /* Scanner.storyboard in Resources */,
				3BB10CAF224A4ECC009BE56D /* shock_animation.json in Resources */,
			);
			runOnlyForDeploymentPostprocessing = 0;
		};
		3B7FE878222679F500CB5755 /* Resources */ = {
			isa = PBXResourcesBuildPhase;
			buildActionMask = 2147483647;
			files = (
			);
			runOnlyForDeploymentPostprocessing = 0;
		};
		3B7FE883222679F500CB5755 /* Resources */ = {
			isa = PBXResourcesBuildPhase;
			buildActionMask = 2147483647;
			files = (
			);
			runOnlyForDeploymentPostprocessing = 0;
		};
		3BB79DE9223DADE9007E23EC /* Resources */ = {
			isa = PBXResourcesBuildPhase;
			buildActionMask = 2147483647;
			files = (
				3BB79DF1223DADEA007E23EC /* Assets.xcassets in Resources */,
				3BB79DEF223DADE9007E23EC /* Interface.storyboard in Resources */,
			);
			runOnlyForDeploymentPostprocessing = 0;
		};
		3BB79DF5223DADEA007E23EC /* Resources */ = {
			isa = PBXResourcesBuildPhase;
			buildActionMask = 2147483647;
			files = (
				3BB79E03223DADEB007E23EC /* Assets.xcassets in Resources */,
			);
			runOnlyForDeploymentPostprocessing = 0;
		};
/* End PBXResourcesBuildPhase section */

/* Begin PBXShellScriptBuildPhase section */
		0C27A6CCEC5A064EAED5DBA2 /* [CP] Check Pods Manifest.lock */ = {
			isa = PBXShellScriptBuildPhase;
			buildActionMask = 2147483647;
			files = (
			);
			inputFileListPaths = (
			);
			inputPaths = (
				"${PODS_PODFILE_DIR_PATH}/Podfile.lock",
				"${PODS_ROOT}/Manifest.lock",
			);
			name = "[CP] Check Pods Manifest.lock";
			outputFileListPaths = (
			);
			outputPaths = (
				"$(DERIVED_FILE_DIR)/Pods-SLPWalletDemoTests-checkManifestLockResult.txt",
			);
			runOnlyForDeploymentPostprocessing = 0;
			shellPath = /bin/sh;
			shellScript = "diff \"${PODS_PODFILE_DIR_PATH}/Podfile.lock\" \"${PODS_ROOT}/Manifest.lock\" > /dev/null\nif [ $? != 0 ] ; then\n    # print error to STDERR\n    echo \"error: The sandbox is not in sync with the Podfile.lock. Run 'pod install' or update your CocoaPods installation.\" >&2\n    exit 1\nfi\n# This output is used by Xcode 'outputs' to avoid re-running this script phase.\necho \"SUCCESS\" > \"${SCRIPT_OUTPUT_FILE_0}\"\n";
			showEnvVarsInLog = 0;
		};
		601C42FB521D00F7C743BF13 /* [CP] Embed Pods Frameworks */ = {
			isa = PBXShellScriptBuildPhase;
			buildActionMask = 2147483647;
			files = (
			);
			inputFileListPaths = (
				"${PODS_ROOT}/Target Support Files/Pods-SLPWalletDemo/Pods-SLPWalletDemo-frameworks-${CONFIGURATION}-input-files.xcfilelist",
			);
			name = "[CP] Embed Pods Frameworks";
			outputFileListPaths = (
				"${PODS_ROOT}/Target Support Files/Pods-SLPWalletDemo/Pods-SLPWalletDemo-frameworks-${CONFIGURATION}-output-files.xcfilelist",
			);
			runOnlyForDeploymentPostprocessing = 0;
			shellPath = /bin/sh;
			shellScript = "\"${PODS_ROOT}/Target Support Files/Pods-SLPWalletDemo/Pods-SLPWalletDemo-frameworks.sh\"\n";
			showEnvVarsInLog = 0;
		};
		BBE27C439B85B4BF1926232E /* [CP] Check Pods Manifest.lock */ = {
			isa = PBXShellScriptBuildPhase;
			buildActionMask = 2147483647;
			files = (
			);
			inputFileListPaths = (
			);
			inputPaths = (
				"${PODS_PODFILE_DIR_PATH}/Podfile.lock",
				"${PODS_ROOT}/Manifest.lock",
			);
			name = "[CP] Check Pods Manifest.lock";
			outputFileListPaths = (
			);
			outputPaths = (
				"$(DERIVED_FILE_DIR)/Pods-SLPWalletDemo-checkManifestLockResult.txt",
			);
			runOnlyForDeploymentPostprocessing = 0;
			shellPath = /bin/sh;
			shellScript = "diff \"${PODS_PODFILE_DIR_PATH}/Podfile.lock\" \"${PODS_ROOT}/Manifest.lock\" > /dev/null\nif [ $? != 0 ] ; then\n    # print error to STDERR\n    echo \"error: The sandbox is not in sync with the Podfile.lock. Run 'pod install' or update your CocoaPods installation.\" >&2\n    exit 1\nfi\n# This output is used by Xcode 'outputs' to avoid re-running this script phase.\necho \"SUCCESS\" > \"${SCRIPT_OUTPUT_FILE_0}\"\n";
			showEnvVarsInLog = 0;
		};
		F979D260E99E8B055EDFFBCA /* [CP] Check Pods Manifest.lock */ = {
			isa = PBXShellScriptBuildPhase;
			buildActionMask = 2147483647;
			files = (
			);
			inputFileListPaths = (
			);
			inputPaths = (
				"${PODS_PODFILE_DIR_PATH}/Podfile.lock",
				"${PODS_ROOT}/Manifest.lock",
			);
			name = "[CP] Check Pods Manifest.lock";
			outputFileListPaths = (
			);
			outputPaths = (
				"$(DERIVED_FILE_DIR)/Pods-SLPWalletDemoUITests-checkManifestLockResult.txt",
			);
			runOnlyForDeploymentPostprocessing = 0;
			shellPath = /bin/sh;
			shellScript = "diff \"${PODS_PODFILE_DIR_PATH}/Podfile.lock\" \"${PODS_ROOT}/Manifest.lock\" > /dev/null\nif [ $? != 0 ] ; then\n    # print error to STDERR\n    echo \"error: The sandbox is not in sync with the Podfile.lock. Run 'pod install' or update your CocoaPods installation.\" >&2\n    exit 1\nfi\n# This output is used by Xcode 'outputs' to avoid re-running this script phase.\necho \"SUCCESS\" > \"${SCRIPT_OUTPUT_FILE_0}\"\n";
			showEnvVarsInLog = 0;
		};
/* End PBXShellScriptBuildPhase section */

/* Begin PBXSourcesBuildPhase section */
		3B7FE85F222679F400CB5755 /* Sources */ = {
			isa = PBXSourcesBuildPhase;
			buildActionMask = 2147483647;
			files = (
				3BA87536222EEB46008A3B1D /* BaseRouter.swift in Sources */,
				3BA87546222F049A008A3B1D /* RestorePresenter.swift in Sources */,
				3BA8753B222EFB22008A3B1D /* ReceiveViewController.swift in Sources */,
				3BB10C96224A0853009BE56D /* BaseBuilder.swift in Sources */,
				93677DD222423B9F00910B0B /* ScannerBuilder.swift in Sources */,
				3BB10CA4224A28EB009BE56D /* BackupViewController.swift in Sources */,
				3BA87522222EE8AA008A3B1D /* TokensViewController.swift in Sources */,
				3BA8753D222EFB6E008A3B1D /* ReceivePresenter.swift in Sources */,
				3BA8753F222EFBDC008A3B1D /* ReceiveBuilder.swift in Sources */,
				3BA87524222EE8D9008A3B1D /* TokenViewController.swift in Sources */,
				3BB10C92224A027B009BE56D /* SettingsBuilder.swift in Sources */,
				3B7FE867222679F400CB5755 /* AppDelegate.swift in Sources */,
				3B79D21E223AB2E400FF3AFB /* SLPWalletDemo.xcdatamodeld in Sources */,
				93677DD62242409300910B0B /* TokenRouter.swift in Sources */,
				3BB10C90224A0237009BE56D /* SettingsRouter.swift in Sources */,
				3BB10C89224A00CD009BE56D /* UIColor+Extensions.swift in Sources */,
				3BB10CA5224A28EB009BE56D /* BackupPresenter.swift in Sources */,
				3BB10CA2224A28EB009BE56D /* BackupBuilder.swift in Sources */,
				3BA87527222EE8FF008A3B1D /* TokensPresenter.swift in Sources */,
				93677DD822424DE400910B0B /* ScannerRouter.swift in Sources */,
				3BB10CA7224A2B3F009BE56D /* RestoreWalletInteractor.swift in Sources */,
				3BA87538222EECB0008A3B1D /* WalletManager.swift in Sources */,
				3BA8752B222EE99E008A3B1D /* TokenBuilder.swift in Sources */,
				3B79D221223AC2F100FF3AFB /* UIViewController+Extensions.swift in Sources */,
				3BA87548222F051B008A3B1D /* RestoreViewController.swift in Sources */,
				3BA87533222EEAA3008A3B1D /* TokensRouter.swift in Sources */,
				3B79D229223BE1B000FF3AFB /* TokenViewCell.swift in Sources */,
				93677DCE22423B7800910B0B /* ScannerViewController.swift in Sources */,
				3B4CE3AC222F0CA8003B326F /* SendTokenInteractor.swift in Sources */,
				3BA87529222EE982008A3B1D /* TokenPresenter.swift in Sources */,
				3BB10C8C224A0191009BE56D /* SettingsViewController.swift in Sources */,
				93677DD022423B8900910B0B /* ScannerPresenter.swift in Sources */,
				3BA8752F222EEA03008A3B1D /* TokensBuilder.swift in Sources */,
				3BB10CAD224A33F2009BE56D /* RestoreRouter.swift in Sources */,
				3BA8754C222F0664008A3B1D /* RestoreBuilder.swift in Sources */,
				3BB79E16223DB275007E23EC /* Double+Extensions.swift in Sources */,
				3BA87543222F01A8008A3B1D /* FetchTokensInteractor.swift in Sources */,
				3BB10C8E224A01E8009BE56D /* SettingsPresenter.swift in Sources */,
			);
			runOnlyForDeploymentPostprocessing = 0;
		};
		3B7FE876222679F500CB5755 /* Sources */ = {
			isa = PBXSourcesBuildPhase;
			buildActionMask = 2147483647;
			files = (
				3B7FE87F222679F500CB5755 /* SLPWalletDemoTests.swift in Sources */,
			);
			runOnlyForDeploymentPostprocessing = 0;
		};
		3B7FE881222679F500CB5755 /* Sources */ = {
			isa = PBXSourcesBuildPhase;
			buildActionMask = 2147483647;
			files = (
				3B7FE88A222679F500CB5755 /* SLPWalletDemoUITests.swift in Sources */,
			);
			runOnlyForDeploymentPostprocessing = 0;
		};
		3BB79DF3223DADEA007E23EC /* Sources */ = {
			isa = PBXSourcesBuildPhase;
			buildActionMask = 2147483647;
			files = (
				3BB79E14223DAF1A007E23EC /* TokensInterfaceController.swift in Sources */,
				3BB79E13223DAF1A007E23EC /* TokenInterfaceController.swift in Sources */,
				3BB79E01223DADEA007E23EC /* NotificationController.swift in Sources */,
				3BB79DFF223DADEA007E23EC /* ExtensionDelegate.swift in Sources */,
				3BB79DFD223DADEA007E23EC /* InterfaceController.swift in Sources */,
			);
			runOnlyForDeploymentPostprocessing = 0;
		};
/* End PBXSourcesBuildPhase section */

/* Begin PBXTargetDependency section */
		3B7FE87C222679F500CB5755 /* PBXTargetDependency */ = {
			isa = PBXTargetDependency;
			target = 3B7FE862222679F400CB5755 /* SLPWalletDemo */;
			targetProxy = 3B7FE87B222679F500CB5755 /* PBXContainerItemProxy */;
		};
		3B7FE887222679F500CB5755 /* PBXTargetDependency */ = {
			isa = PBXTargetDependency;
			target = 3B7FE862222679F400CB5755 /* SLPWalletDemo */;
			targetProxy = 3B7FE886222679F500CB5755 /* PBXContainerItemProxy */;
		};
		3BB79DFA223DADEA007E23EC /* PBXTargetDependency */ = {
			isa = PBXTargetDependency;
			target = 3BB79DF6223DADEA007E23EC /* SLPWalletDemo Watch Extension */;
			targetProxy = 3BB79DF9223DADEA007E23EC /* PBXContainerItemProxy */;
		};
		3BB79E07223DADEB007E23EC /* PBXTargetDependency */ = {
			isa = PBXTargetDependency;
			target = 3BB79DEA223DADE9007E23EC /* SLPWalletDemo Watch */;
			targetProxy = 3BB79E06223DADEB007E23EC /* PBXContainerItemProxy */;
		};
/* End PBXTargetDependency section */

/* Begin PBXVariantGroup section */
		3B7FE86A222679F400CB5755 /* Main.storyboard */ = {
			isa = PBXVariantGroup;
			children = (
				3B7FE86B222679F400CB5755 /* Base */,
			);
			name = Main.storyboard;
			sourceTree = "<group>";
		};
		3B7FE872222679F500CB5755 /* LaunchScreen.storyboard */ = {
			isa = PBXVariantGroup;
			children = (
				3B7FE873222679F500CB5755 /* Base */,
			);
			name = LaunchScreen.storyboard;
			sourceTree = "<group>";
		};
		3BB79DED223DADE9007E23EC /* Interface.storyboard */ = {
			isa = PBXVariantGroup;
			children = (
				3BB79DEE223DADE9007E23EC /* Base */,
			);
			name = Interface.storyboard;
			sourceTree = "<group>";
		};
/* End PBXVariantGroup section */

/* Begin XCBuildConfiguration section */
		3B7FE88C222679F500CB5755 /* Debug */ = {
			isa = XCBuildConfiguration;
			buildSettings = {
				ALWAYS_SEARCH_USER_PATHS = NO;
				CLANG_ANALYZER_NONNULL = YES;
				CLANG_ANALYZER_NUMBER_OBJECT_CONVERSION = YES_AGGRESSIVE;
				CLANG_CXX_LANGUAGE_STANDARD = "gnu++14";
				CLANG_CXX_LIBRARY = "libc++";
				CLANG_ENABLE_MODULES = YES;
				CLANG_ENABLE_OBJC_ARC = YES;
				CLANG_ENABLE_OBJC_WEAK = YES;
				CLANG_WARN_BLOCK_CAPTURE_AUTORELEASING = YES;
				CLANG_WARN_BOOL_CONVERSION = YES;
				CLANG_WARN_COMMA = YES;
				CLANG_WARN_CONSTANT_CONVERSION = YES;
				CLANG_WARN_DEPRECATED_OBJC_IMPLEMENTATIONS = YES;
				CLANG_WARN_DIRECT_OBJC_ISA_USAGE = YES_ERROR;
				CLANG_WARN_DOCUMENTATION_COMMENTS = YES;
				CLANG_WARN_EMPTY_BODY = YES;
				CLANG_WARN_ENUM_CONVERSION = YES;
				CLANG_WARN_INFINITE_RECURSION = YES;
				CLANG_WARN_INT_CONVERSION = YES;
				CLANG_WARN_NON_LITERAL_NULL_CONVERSION = YES;
				CLANG_WARN_OBJC_IMPLICIT_RETAIN_SELF = YES;
				CLANG_WARN_OBJC_LITERAL_CONVERSION = YES;
				CLANG_WARN_OBJC_ROOT_CLASS = YES_ERROR;
				CLANG_WARN_RANGE_LOOP_ANALYSIS = YES;
				CLANG_WARN_STRICT_PROTOTYPES = YES;
				CLANG_WARN_SUSPICIOUS_MOVE = YES;
				CLANG_WARN_UNGUARDED_AVAILABILITY = YES_AGGRESSIVE;
				CLANG_WARN_UNREACHABLE_CODE = YES;
				CLANG_WARN__DUPLICATE_METHOD_MATCH = YES;
				CODE_SIGN_IDENTITY = "iPhone Developer";
				COPY_PHASE_STRIP = NO;
				DEBUG_INFORMATION_FORMAT = dwarf;
				ENABLE_STRICT_OBJC_MSGSEND = YES;
				ENABLE_TESTABILITY = YES;
				GCC_C_LANGUAGE_STANDARD = gnu11;
				GCC_DYNAMIC_NO_PIC = NO;
				GCC_NO_COMMON_BLOCKS = YES;
				GCC_OPTIMIZATION_LEVEL = 0;
				GCC_PREPROCESSOR_DEFINITIONS = (
					"DEBUG=1",
					"$(inherited)",
				);
				GCC_WARN_64_TO_32_BIT_CONVERSION = YES;
				GCC_WARN_ABOUT_RETURN_TYPE = YES_ERROR;
				GCC_WARN_UNDECLARED_SELECTOR = YES;
				GCC_WARN_UNINITIALIZED_AUTOS = YES_AGGRESSIVE;
				GCC_WARN_UNUSED_FUNCTION = YES;
				GCC_WARN_UNUSED_VARIABLE = YES;
				IPHONEOS_DEPLOYMENT_TARGET = 10.0;
				MTL_ENABLE_DEBUG_INFO = INCLUDE_SOURCE;
				MTL_FAST_MATH = YES;
				ONLY_ACTIVE_ARCH = YES;
				SDKROOT = iphoneos;
				SWIFT_ACTIVE_COMPILATION_CONDITIONS = DEBUG;
				SWIFT_OPTIMIZATION_LEVEL = "-Onone";
			};
			name = Debug;
		};
		3B7FE88D222679F500CB5755 /* Release */ = {
			isa = XCBuildConfiguration;
			buildSettings = {
				ALWAYS_SEARCH_USER_PATHS = NO;
				CLANG_ANALYZER_NONNULL = YES;
				CLANG_ANALYZER_NUMBER_OBJECT_CONVERSION = YES_AGGRESSIVE;
				CLANG_CXX_LANGUAGE_STANDARD = "gnu++14";
				CLANG_CXX_LIBRARY = "libc++";
				CLANG_ENABLE_MODULES = YES;
				CLANG_ENABLE_OBJC_ARC = YES;
				CLANG_ENABLE_OBJC_WEAK = YES;
				CLANG_WARN_BLOCK_CAPTURE_AUTORELEASING = YES;
				CLANG_WARN_BOOL_CONVERSION = YES;
				CLANG_WARN_COMMA = YES;
				CLANG_WARN_CONSTANT_CONVERSION = YES;
				CLANG_WARN_DEPRECATED_OBJC_IMPLEMENTATIONS = YES;
				CLANG_WARN_DIRECT_OBJC_ISA_USAGE = YES_ERROR;
				CLANG_WARN_DOCUMENTATION_COMMENTS = YES;
				CLANG_WARN_EMPTY_BODY = YES;
				CLANG_WARN_ENUM_CONVERSION = YES;
				CLANG_WARN_INFINITE_RECURSION = YES;
				CLANG_WARN_INT_CONVERSION = YES;
				CLANG_WARN_NON_LITERAL_NULL_CONVERSION = YES;
				CLANG_WARN_OBJC_IMPLICIT_RETAIN_SELF = YES;
				CLANG_WARN_OBJC_LITERAL_CONVERSION = YES;
				CLANG_WARN_OBJC_ROOT_CLASS = YES_ERROR;
				CLANG_WARN_RANGE_LOOP_ANALYSIS = YES;
				CLANG_WARN_STRICT_PROTOTYPES = YES;
				CLANG_WARN_SUSPICIOUS_MOVE = YES;
				CLANG_WARN_UNGUARDED_AVAILABILITY = YES_AGGRESSIVE;
				CLANG_WARN_UNREACHABLE_CODE = YES;
				CLANG_WARN__DUPLICATE_METHOD_MATCH = YES;
				CODE_SIGN_IDENTITY = "iPhone Developer";
				COPY_PHASE_STRIP = NO;
				DEBUG_INFORMATION_FORMAT = "dwarf-with-dsym";
				ENABLE_NS_ASSERTIONS = NO;
				ENABLE_STRICT_OBJC_MSGSEND = YES;
				GCC_C_LANGUAGE_STANDARD = gnu11;
				GCC_NO_COMMON_BLOCKS = YES;
				GCC_WARN_64_TO_32_BIT_CONVERSION = YES;
				GCC_WARN_ABOUT_RETURN_TYPE = YES_ERROR;
				GCC_WARN_UNDECLARED_SELECTOR = YES;
				GCC_WARN_UNINITIALIZED_AUTOS = YES_AGGRESSIVE;
				GCC_WARN_UNUSED_FUNCTION = YES;
				GCC_WARN_UNUSED_VARIABLE = YES;
				IPHONEOS_DEPLOYMENT_TARGET = 10.0;
				MTL_ENABLE_DEBUG_INFO = NO;
				MTL_FAST_MATH = YES;
				SDKROOT = iphoneos;
				SWIFT_COMPILATION_MODE = wholemodule;
				SWIFT_OPTIMIZATION_LEVEL = "-O";
				VALIDATE_PRODUCT = YES;
			};
			name = Release;
		};
		3B7FE88F222679F500CB5755 /* Debug */ = {
			isa = XCBuildConfiguration;
			baseConfigurationReference = B441FA68616D750BBB1C343D /* Pods-SLPWalletDemo.debug.xcconfig */;
			buildSettings = {
				ASSETCATALOG_COMPILER_APPICON_NAME = AppIcon;
				CODE_SIGN_STYLE = Automatic;
				DEVELOPMENT_TEAM = 299HJ3G3BP;
				INFOPLIST_FILE = SLPWalletDemo/Info.plist;
				IPHONEOS_DEPLOYMENT_TARGET = 10.0;
				LD_RUNPATH_SEARCH_PATHS = (
					"$(inherited)",
					"@executable_path/Frameworks",
				);
				PRODUCT_BUNDLE_IDENTIFIER = com.bitcoin.SLPWalletDemo;
				PRODUCT_NAME = "$(TARGET_NAME)";
				SWIFT_VERSION = 4.0;
				TARGETED_DEVICE_FAMILY = "1,2";
			};
			name = Debug;
		};
		3B7FE890222679F500CB5755 /* Release */ = {
			isa = XCBuildConfiguration;
			baseConfigurationReference = 436A15B5C54717E8CD774D71 /* Pods-SLPWalletDemo.release.xcconfig */;
			buildSettings = {
				ASSETCATALOG_COMPILER_APPICON_NAME = AppIcon;
				CODE_SIGN_STYLE = Automatic;
				DEVELOPMENT_TEAM = 299HJ3G3BP;
				INFOPLIST_FILE = SLPWalletDemo/Info.plist;
				IPHONEOS_DEPLOYMENT_TARGET = 10.0;
				LD_RUNPATH_SEARCH_PATHS = (
					"$(inherited)",
					"@executable_path/Frameworks",
				);
				PRODUCT_BUNDLE_IDENTIFIER = com.bitcoin.SLPWalletDemo;
				PRODUCT_NAME = "$(TARGET_NAME)";
				SWIFT_VERSION = 4.0;
				TARGETED_DEVICE_FAMILY = "1,2";
			};
			name = Release;
		};
		3B7FE892222679F500CB5755 /* Debug */ = {
			isa = XCBuildConfiguration;
			baseConfigurationReference = 9ED2A8BB8345AD47F3B57DB5 /* Pods-SLPWalletDemoTests.debug.xcconfig */;
			buildSettings = {
				ALWAYS_EMBED_SWIFT_STANDARD_LIBRARIES = YES;
				BUNDLE_LOADER = "$(TEST_HOST)";
				CODE_SIGN_STYLE = Automatic;
				DEVELOPMENT_TEAM = 299HJ3G3BP;
				INFOPLIST_FILE = SLPWalletDemoTests/Info.plist;
				LD_RUNPATH_SEARCH_PATHS = (
					"$(inherited)",
					"@executable_path/Frameworks",
					"@loader_path/Frameworks",
				);
				PRODUCT_BUNDLE_IDENTIFIER = com.bitcoin.SLPWalletDemoTests;
				PRODUCT_NAME = "$(TARGET_NAME)";
				SWIFT_VERSION = 4.2;
				TARGETED_DEVICE_FAMILY = "1,2";
				TEST_HOST = "$(BUILT_PRODUCTS_DIR)/SLPWalletDemo.app/SLPWalletDemo";
			};
			name = Debug;
		};
		3B7FE893222679F500CB5755 /* Release */ = {
			isa = XCBuildConfiguration;
			baseConfigurationReference = 8034A184B62339AD8AE73F86 /* Pods-SLPWalletDemoTests.release.xcconfig */;
			buildSettings = {
				ALWAYS_EMBED_SWIFT_STANDARD_LIBRARIES = YES;
				BUNDLE_LOADER = "$(TEST_HOST)";
				CODE_SIGN_STYLE = Automatic;
				DEVELOPMENT_TEAM = 299HJ3G3BP;
				INFOPLIST_FILE = SLPWalletDemoTests/Info.plist;
				LD_RUNPATH_SEARCH_PATHS = (
					"$(inherited)",
					"@executable_path/Frameworks",
					"@loader_path/Frameworks",
				);
				PRODUCT_BUNDLE_IDENTIFIER = com.bitcoin.SLPWalletDemoTests;
				PRODUCT_NAME = "$(TARGET_NAME)";
				SWIFT_VERSION = 4.2;
				TARGETED_DEVICE_FAMILY = "1,2";
				TEST_HOST = "$(BUILT_PRODUCTS_DIR)/SLPWalletDemo.app/SLPWalletDemo";
			};
			name = Release;
		};
		3B7FE895222679F500CB5755 /* Debug */ = {
			isa = XCBuildConfiguration;
			baseConfigurationReference = C193BCFD73104A0CC835DCEE /* Pods-SLPWalletDemoUITests.debug.xcconfig */;
			buildSettings = {
				ALWAYS_EMBED_SWIFT_STANDARD_LIBRARIES = YES;
				CODE_SIGN_STYLE = Automatic;
				DEVELOPMENT_TEAM = 299HJ3G3BP;
				INFOPLIST_FILE = SLPWalletDemoUITests/Info.plist;
				LD_RUNPATH_SEARCH_PATHS = (
					"$(inherited)",
					"@executable_path/Frameworks",
					"@loader_path/Frameworks",
				);
				PRODUCT_BUNDLE_IDENTIFIER = com.bitcoin.SLPWalletDemoUITests;
				PRODUCT_NAME = "$(TARGET_NAME)";
				SWIFT_VERSION = 4.2;
				TARGETED_DEVICE_FAMILY = "1,2";
				TEST_TARGET_NAME = SLPWalletDemo;
			};
			name = Debug;
		};
		3B7FE896222679F500CB5755 /* Release */ = {
			isa = XCBuildConfiguration;
			baseConfigurationReference = CA8F0A0A8EC5D99F68F511EE /* Pods-SLPWalletDemoUITests.release.xcconfig */;
			buildSettings = {
				ALWAYS_EMBED_SWIFT_STANDARD_LIBRARIES = YES;
				CODE_SIGN_STYLE = Automatic;
				DEVELOPMENT_TEAM = 299HJ3G3BP;
				INFOPLIST_FILE = SLPWalletDemoUITests/Info.plist;
				LD_RUNPATH_SEARCH_PATHS = (
					"$(inherited)",
					"@executable_path/Frameworks",
					"@loader_path/Frameworks",
				);
				PRODUCT_BUNDLE_IDENTIFIER = com.bitcoin.SLPWalletDemoUITests;
				PRODUCT_NAME = "$(TARGET_NAME)";
				SWIFT_VERSION = 4.2;
				TARGETED_DEVICE_FAMILY = "1,2";
				TEST_TARGET_NAME = SLPWalletDemo;
			};
			name = Release;
		};
		3BB79E0A223DADEB007E23EC /* Debug */ = {
			isa = XCBuildConfiguration;
			buildSettings = {
				ASSETCATALOG_COMPILER_COMPLICATION_NAME = Complication;
				CODE_SIGN_STYLE = Automatic;
				DEVELOPMENT_TEAM = 299HJ3G3BP;
				INFOPLIST_FILE = "SLPWalletDemo Watch Extension/Info.plist";
				LD_RUNPATH_SEARCH_PATHS = (
					"$(inherited)",
					"@executable_path/Frameworks",
					"@executable_path/../../Frameworks",
				);
				PRODUCT_BUNDLE_IDENTIFIER = com.bitcoin.SLPWalletDemo.watchkitapp.watchkitextension;
				PRODUCT_NAME = "${TARGET_NAME}";
				SDKROOT = watchos;
				SKIP_INSTALL = YES;
				SWIFT_VERSION = 4.2;
				TARGETED_DEVICE_FAMILY = 4;
				WATCHOS_DEPLOYMENT_TARGET = 5.1;
			};
			name = Debug;
		};
		3BB79E0B223DADEB007E23EC /* Release */ = {
			isa = XCBuildConfiguration;
			buildSettings = {
				ASSETCATALOG_COMPILER_COMPLICATION_NAME = Complication;
				CODE_SIGN_STYLE = Automatic;
				DEVELOPMENT_TEAM = 299HJ3G3BP;
				INFOPLIST_FILE = "SLPWalletDemo Watch Extension/Info.plist";
				LD_RUNPATH_SEARCH_PATHS = (
					"$(inherited)",
					"@executable_path/Frameworks",
					"@executable_path/../../Frameworks",
				);
				PRODUCT_BUNDLE_IDENTIFIER = com.bitcoin.SLPWalletDemo.watchkitapp.watchkitextension;
				PRODUCT_NAME = "${TARGET_NAME}";
				SDKROOT = watchos;
				SKIP_INSTALL = YES;
				SWIFT_VERSION = 4.2;
				TARGETED_DEVICE_FAMILY = 4;
				WATCHOS_DEPLOYMENT_TARGET = 5.1;
			};
			name = Release;
		};
		3BB79E0E223DADEB007E23EC /* Debug */ = {
			isa = XCBuildConfiguration;
			buildSettings = {
				ALWAYS_EMBED_SWIFT_STANDARD_LIBRARIES = YES;
				ASSETCATALOG_COMPILER_APPICON_NAME = AppIcon;
				CODE_SIGN_STYLE = Automatic;
				DEVELOPMENT_TEAM = 299HJ3G3BP;
				IBSC_MODULE = SLPWalletDemo_Watch_Extension;
				INFOPLIST_FILE = "SLPWalletDemo Watch/Info.plist";
				PRODUCT_BUNDLE_IDENTIFIER = com.bitcoin.SLPWalletDemo.watchkitapp;
				PRODUCT_NAME = "$(TARGET_NAME)";
				SDKROOT = watchos;
				SKIP_INSTALL = YES;
				SWIFT_VERSION = 4.2;
				TARGETED_DEVICE_FAMILY = 4;
				WATCHOS_DEPLOYMENT_TARGET = 5.1;
			};
			name = Debug;
		};
		3BB79E0F223DADEB007E23EC /* Release */ = {
			isa = XCBuildConfiguration;
			buildSettings = {
				ALWAYS_EMBED_SWIFT_STANDARD_LIBRARIES = YES;
				ASSETCATALOG_COMPILER_APPICON_NAME = AppIcon;
				CODE_SIGN_STYLE = Automatic;
				DEVELOPMENT_TEAM = 299HJ3G3BP;
				IBSC_MODULE = SLPWalletDemo_Watch_Extension;
				INFOPLIST_FILE = "SLPWalletDemo Watch/Info.plist";
				PRODUCT_BUNDLE_IDENTIFIER = com.bitcoin.SLPWalletDemo.watchkitapp;
				PRODUCT_NAME = "$(TARGET_NAME)";
				SDKROOT = watchos;
				SKIP_INSTALL = YES;
				SWIFT_VERSION = 4.2;
				TARGETED_DEVICE_FAMILY = 4;
				WATCHOS_DEPLOYMENT_TARGET = 5.1;
			};
			name = Release;
		};
/* End XCBuildConfiguration section */

/* Begin XCConfigurationList section */
		3B7FE85E222679F400CB5755 /* Build configuration list for PBXProject "SLPWalletDemo" */ = {
			isa = XCConfigurationList;
			buildConfigurations = (
				3B7FE88C222679F500CB5755 /* Debug */,
				3B7FE88D222679F500CB5755 /* Release */,
			);
			defaultConfigurationIsVisible = 0;
			defaultConfigurationName = Release;
		};
		3B7FE88E222679F500CB5755 /* Build configuration list for PBXNativeTarget "SLPWalletDemo" */ = {
			isa = XCConfigurationList;
			buildConfigurations = (
				3B7FE88F222679F500CB5755 /* Debug */,
				3B7FE890222679F500CB5755 /* Release */,
			);
			defaultConfigurationIsVisible = 0;
			defaultConfigurationName = Release;
		};
		3B7FE891222679F500CB5755 /* Build configuration list for PBXNativeTarget "SLPWalletDemoTests" */ = {
			isa = XCConfigurationList;
			buildConfigurations = (
				3B7FE892222679F500CB5755 /* Debug */,
				3B7FE893222679F500CB5755 /* Release */,
			);
			defaultConfigurationIsVisible = 0;
			defaultConfigurationName = Release;
		};
		3B7FE894222679F500CB5755 /* Build configuration list for PBXNativeTarget "SLPWalletDemoUITests" */ = {
			isa = XCConfigurationList;
			buildConfigurations = (
				3B7FE895222679F500CB5755 /* Debug */,
				3B7FE896222679F500CB5755 /* Release */,
			);
			defaultConfigurationIsVisible = 0;
			defaultConfigurationName = Release;
		};
		3BB79E09223DADEB007E23EC /* Build configuration list for PBXNativeTarget "SLPWalletDemo Watch Extension" */ = {
			isa = XCConfigurationList;
			buildConfigurations = (
				3BB79E0A223DADEB007E23EC /* Debug */,
				3BB79E0B223DADEB007E23EC /* Release */,
			);
			defaultConfigurationIsVisible = 0;
			defaultConfigurationName = Release;
		};
		3BB79E0D223DADEB007E23EC /* Build configuration list for PBXNativeTarget "SLPWalletDemo Watch" */ = {
			isa = XCConfigurationList;
			buildConfigurations = (
				3BB79E0E223DADEB007E23EC /* Debug */,
				3BB79E0F223DADEB007E23EC /* Release */,
			);
			defaultConfigurationIsVisible = 0;
			defaultConfigurationName = Release;
		};
/* End XCConfigurationList section */

/* Begin XCVersionGroup section */
		3B79D21C223AB2E400FF3AFB /* SLPWalletDemo.xcdatamodeld */ = {
			isa = XCVersionGroup;
			children = (
				3B79D21D223AB2E400FF3AFB /* SLPWalletTestApp.xcdatamodel */,
			);
			currentVersion = 3B79D21D223AB2E400FF3AFB /* SLPWalletTestApp.xcdatamodel */;
			path = SLPWalletDemo.xcdatamodeld;
			sourceTree = "<group>";
			versionGroupType = wrapper.xcdatamodel;
		};
/* End XCVersionGroup section */
	};
	rootObject = 3B7FE85B222679F400CB5755 /* Project object */;
}
