// !$*UTF8*$!
{
	archiveVersion = 1;
	classes = {
	};
	objectVersion = 51;
	objects = {

/* Begin PBXBuildFile section */
		20F9189D876A537C9921C41D /* Pods_All_SLPWallet.framework in Frameworks */ = {isa = PBXBuildFile; fileRef = 3D8FBE6A85C0A5C87BA47239 /* Pods_All_SLPWallet.framework */; };
		28F506C21B69A85C511D3BEF /* Pods_SLPWalletTests.framework in Frameworks */ = {isa = PBXBuildFile; fileRef = 7BF528C674BCE9EEB5E90520 /* Pods_SLPWalletTests.framework */; };
		3B288C49222C387700C1AC81 /* TokenQtyConverter.swift in Sources */ = {isa = PBXBuildFile; fileRef = 3B288C46222C300E00C1AC81 /* TokenQtyConverter.swift */; };
		3B6D8278224241B000119AF0 /* SLPWalletAccount.swift in Sources */ = {isa = PBXBuildFile; fileRef = 3B6D8277224241B000119AF0 /* SLPWalletAccount.swift */; };
		3B79D223223B160100FF3AFB /* Double+Extensions.swift in Sources */ = {isa = PBXBuildFile; fileRef = 3B79D222223B160100FF3AFB /* Double+Extensions.swift */; };
		3B7FE8D52226A67E00CB5755 /* Data+Extensions.swift in Sources */ = {isa = PBXBuildFile; fileRef = 3B7FE8D42226A67E00CB5755 /* Data+Extensions.swift */; };
		3B7FE8FE2227ABD900CB5755 /* SLPWalletTest.swift in Sources */ = {isa = PBXBuildFile; fileRef = 3B7FE8FD2227ABD900CB5755 /* SLPWalletTest.swift */; };
		3B7FE9002227BF8300CB5755 /* String+Extensions.swift in Sources */ = {isa = PBXBuildFile; fileRef = 3B7FE8FF2227BF8300CB5755 /* String+Extensions.swift */; };
		3B7FE90722283C2B00CB5755 /* SLPWallet.podspec in Resources */ = {isa = PBXBuildFile; fileRef = 3B7FE90622283C2B00CB5755 /* SLPWallet.podspec */; };
		3B7FE9292229225200CB5755 /* SLPTransactionParser.swift in Sources */ = {isa = PBXBuildFile; fileRef = 3B7FE9282229225200CB5755 /* SLPTransactionParser.swift */; };
		3B7FE92B2229892F00CB5755 /* README.md in Resources */ = {isa = PBXBuildFile; fileRef = 3B7FE92A2229892E00CB5755 /* README.md */; };
		3B7FE92D222990FB00CB5755 /* SLPToken.swift in Sources */ = {isa = PBXBuildFile; fileRef = 3B7FE92C222990FB00CB5755 /* SLPToken.swift */; };
		3B7FE92F2229913100CB5755 /* SLPWalletUTXO.swift in Sources */ = {isa = PBXBuildFile; fileRef = 3B7FE92E2229913100CB5755 /* SLPWalletUTXO.swift */; };
		3B7FE9312229915600CB5755 /* SLPTokenUTXO.swift in Sources */ = {isa = PBXBuildFile; fileRef = 3B7FE9302229915600CB5755 /* SLPTokenUTXO.swift */; };
		3B7FE933222A895E00CB5755 /* Array+Extensions.swift in Sources */ = {isa = PBXBuildFile; fileRef = 3B7FE932222A895E00CB5755 /* Array+Extensions.swift */; };
		3B99B05F2226251B00A1B599 /* SLPWallet.framework in Frameworks */ = {isa = PBXBuildFile; fileRef = 3B99B0552226251B00A1B599 /* SLPWallet.framework */; };
		3B99B07E2226290100A1B599 /* UserDefaults+Extensions.swift in Sources */ = {isa = PBXBuildFile; fileRef = 3B99B0722226290100A1B599 /* UserDefaults+Extensions.swift */; };
		3B99B0802226290100A1B599 /* RestService.swift in Sources */ = {isa = PBXBuildFile; fileRef = 3B99B0762226290100A1B599 /* RestService.swift */; };
		3B99B0812226290100A1B599 /* RestNetwork.swift in Sources */ = {isa = PBXBuildFile; fileRef = 3B99B0782226290100A1B599 /* RestNetwork.swift */; };
		3B99B08B22262DC700A1B599 /* SLPWallet.swift in Sources */ = {isa = PBXBuildFile; fileRef = 3B99B08A22262DC700A1B599 /* SLPWallet.swift */; };
		3BB10CB1224B59E6009BE56D /* SLPWalletConfig.swift in Sources */ = {isa = PBXBuildFile; fileRef = 3BB10CB0224B59E6009BE56D /* SLPWalletConfig.swift */; };
		3BB10CB3224B5AB8009BE56D /* StorageProvider.swift in Sources */ = {isa = PBXBuildFile; fileRef = 3BB10CB2224B5AB8009BE56D /* StorageProvider.swift */; };
		3BB10CB5224B5ADB009BE56D /* InternalStorageProvider.swift in Sources */ = {isa = PBXBuildFile; fileRef = 3BB10CB4224B5ADB009BE56D /* InternalStorageProvider.swift */; };
		3BB10CB8224B6AE2009BE56D /* SLPWalletConfigTest.swift in Sources */ = {isa = PBXBuildFile; fileRef = 3BB10CB7224B6AE2009BE56D /* SLPWalletConfigTest.swift */; };
		3BB10CBA224B6CC7009BE56D /* InternalStorageProviderTest.swift in Sources */ = {isa = PBXBuildFile; fileRef = 3BB10CB9224B6CC6009BE56D /* InternalStorageProviderTest.swift */; };
		3BB10CBC224B6CE7009BE56D /* SecureStorageProviderTest.swift in Sources */ = {isa = PBXBuildFile; fileRef = 3BB10CBB224B6CE7009BE56D /* SecureStorageProviderTest.swift */; };
		3BC2880B222D022F00EB3375 /* SLPTransactionBuilder.swift in Sources */ = {isa = PBXBuildFile; fileRef = 3BC2880A222D022F00EB3375 /* SLPTransactionBuilder.swift */; };
		3BD622602248943300503956 /* SLPTransactionParserTest.swift in Sources */ = {isa = PBXBuildFile; fileRef = 3BD6225F2248943300503956 /* SLPTransactionParserTest.swift */; };
		3BD6226722489C6100503956 /* tx_details_genesis_tst.json in Resources */ = {isa = PBXBuildFile; fileRef = 3BD6226622489C6000503956 /* tx_details_genesis_tst.json */; };
		3BD622692248B05900503956 /* tx_details_send_tst.json in Resources */ = {isa = PBXBuildFile; fileRef = 3BD622682248B05900503956 /* tx_details_send_tst.json */; };
		3BD6226B2248B5F500503956 /* tx_details_mint_lvl001.json in Resources */ = {isa = PBXBuildFile; fileRef = 3BD6226A2248B5F500503956 /* tx_details_mint_lvl001.json */; };
		3BD7508522358D9A00CF5072 /* AppDelegate.swift in Sources */ = {isa = PBXBuildFile; fileRef = 3BD7508422358D9A00CF5072 /* AppDelegate.swift */; };
		3BD7508722358D9A00CF5072 /* ViewController.swift in Sources */ = {isa = PBXBuildFile; fileRef = 3BD7508622358D9A00CF5072 /* ViewController.swift */; };
		3BD7508A22358D9A00CF5072 /* Main.storyboard in Resources */ = {isa = PBXBuildFile; fileRef = 3BD7508822358D9A00CF5072 /* Main.storyboard */; };
		3BD7508C22358D9A00CF5072 /* Assets.xcassets in Resources */ = {isa = PBXBuildFile; fileRef = 3BD7508B22358D9A00CF5072 /* Assets.xcassets */; };
		3BD7508F22358D9A00CF5072 /* LaunchScreen.storyboard in Resources */ = {isa = PBXBuildFile; fileRef = 3BD7508D22358D9A00CF5072 /* LaunchScreen.storyboard */; };
		3BD750992237B0E400CF5072 /* TokenQtyConverterTest.swift in Sources */ = {isa = PBXBuildFile; fileRef = 3BD750982237B0E400CF5072 /* TokenQtyConverterTest.swift */; };
		3BD7509B2237B5AF00CF5072 /* SLPWalletUTXOTest.swift in Sources */ = {isa = PBXBuildFile; fileRef = 3BD7509A2237B5AF00CF5072 /* SLPWalletUTXOTest.swift */; };
		3BD7509D2237BEAB00CF5072 /* Double+ExtensionsTest.swift in Sources */ = {isa = PBXBuildFile; fileRef = 3BD7509C2237BEAB00CF5072 /* Double+ExtensionsTest.swift */; };
		3BD7509F2237BF9000CF5072 /* String+ExtensionsTest.swift in Sources */ = {isa = PBXBuildFile; fileRef = 3BD7509E2237BF9000CF5072 /* String+ExtensionsTest.swift */; };
		3BD750A12237C06D00CF5072 /* SLPTokenTest.swift in Sources */ = {isa = PBXBuildFile; fileRef = 3BD750A02237C06D00CF5072 /* SLPTokenTest.swift */; };
		3BD750A32237C3E800CF5072 /* UserDefault+ExtensionsTest.swift in Sources */ = {isa = PBXBuildFile; fileRef = 3BD750A22237C3E800CF5072 /* UserDefault+ExtensionsTest.swift */; };
		3BD750A52237C72900CF5072 /* SLPTransactionBuilderTest.swift in Sources */ = {isa = PBXBuildFile; fileRef = 3BD750A42237C72900CF5072 /* SLPTransactionBuilderTest.swift */; };
		3BD750AF2237E93400CF5072 /* SecureStorageProvider.swift in Sources */ = {isa = PBXBuildFile; fileRef = 3BD750AE2237E93400CF5072 /* SecureStorageProvider.swift */; };
		3BDFC1572233A91E00DC167E /* SLPWalletTests.entitlements in Sources */ = {isa = PBXBuildFile; fileRef = 3BDFC1562233A91E00DC167E /* SLPWalletTests.entitlements */; };
		3BE242AC22266165003432CE /* Podfile in Resources */ = {isa = PBXBuildFile; fileRef = 3BE242AB22266165003432CE /* Podfile */; };
		3BE242AE222667F2003432CE /* RestServiceTest.swift in Sources */ = {isa = PBXBuildFile; fileRef = 3BE242AD222667F2003432CE /* RestServiceTest.swift */; };
/* End PBXBuildFile section */

/* Begin PBXContainerItemProxy section */
		3B99B0602226251B00A1B599 /* PBXContainerItemProxy */ = {
			isa = PBXContainerItemProxy;
			containerPortal = 3B99B04C2226251B00A1B599 /* Project object */;
			proxyType = 1;
			remoteGlobalIDString = 3B99B0542226251B00A1B599;
			remoteInfo = SLPWallet;
		};
		3BD7509422358DA400CF5072 /* PBXContainerItemProxy */ = {
			isa = PBXContainerItemProxy;
			containerPortal = 3B99B04C2226251B00A1B599 /* Project object */;
			proxyType = 1;
			remoteGlobalIDString = 3BD7508122358D9A00CF5072;
			remoteInfo = SLPWalletHostTests;
		};
/* End PBXContainerItemProxy section */

/* Begin PBXFileReference section */
		1DFFAD2AFD166179BF17DA9E /* Pods-SLPWalletTests.release.xcconfig */ = {isa = PBXFileReference; includeInIndex = 1; lastKnownFileType = text.xcconfig; name = "Pods-SLPWalletTests.release.xcconfig"; path = "Target Support Files/Pods-SLPWalletTests/Pods-SLPWalletTests.release.xcconfig"; sourceTree = "<group>"; };
		3B288C46222C300E00C1AC81 /* TokenQtyConverter.swift */ = {isa = PBXFileReference; lastKnownFileType = sourcecode.swift; path = TokenQtyConverter.swift; sourceTree = "<group>"; };
		3B6D8277224241B000119AF0 /* SLPWalletAccount.swift */ = {isa = PBXFileReference; lastKnownFileType = sourcecode.swift; path = SLPWalletAccount.swift; sourceTree = "<group>"; };
		3B79D222223B160100FF3AFB /* Double+Extensions.swift */ = {isa = PBXFileReference; fileEncoding = 4; lastKnownFileType = sourcecode.swift; path = "Double+Extensions.swift"; sourceTree = "<group>"; };
		3B7FE8D42226A67E00CB5755 /* Data+Extensions.swift */ = {isa = PBXFileReference; lastKnownFileType = sourcecode.swift; path = "Data+Extensions.swift"; sourceTree = "<group>"; };
		3B7FE8FD2227ABD900CB5755 /* SLPWalletTest.swift */ = {isa = PBXFileReference; lastKnownFileType = sourcecode.swift; path = SLPWalletTest.swift; sourceTree = "<group>"; };
		3B7FE8FF2227BF8300CB5755 /* String+Extensions.swift */ = {isa = PBXFileReference; lastKnownFileType = sourcecode.swift; path = "String+Extensions.swift"; sourceTree = "<group>"; };
		3B7FE90622283C2B00CB5755 /* SLPWallet.podspec */ = {isa = PBXFileReference; fileEncoding = 4; lastKnownFileType = text; path = SLPWallet.podspec; sourceTree = "<group>"; };
		3B7FE9282229225200CB5755 /* SLPTransactionParser.swift */ = {isa = PBXFileReference; lastKnownFileType = sourcecode.swift; path = SLPTransactionParser.swift; sourceTree = "<group>"; };
		3B7FE92A2229892E00CB5755 /* README.md */ = {isa = PBXFileReference; fileEncoding = 4; lastKnownFileType = net.daringfireball.markdown; path = README.md; sourceTree = "<group>"; };
		3B7FE92C222990FB00CB5755 /* SLPToken.swift */ = {isa = PBXFileReference; lastKnownFileType = sourcecode.swift; path = SLPToken.swift; sourceTree = "<group>"; };
		3B7FE92E2229913100CB5755 /* SLPWalletUTXO.swift */ = {isa = PBXFileReference; lastKnownFileType = sourcecode.swift; path = SLPWalletUTXO.swift; sourceTree = "<group>"; };
		3B7FE9302229915600CB5755 /* SLPTokenUTXO.swift */ = {isa = PBXFileReference; lastKnownFileType = sourcecode.swift; path = SLPTokenUTXO.swift; sourceTree = "<group>"; };
		3B7FE932222A895E00CB5755 /* Array+Extensions.swift */ = {isa = PBXFileReference; lastKnownFileType = sourcecode.swift; path = "Array+Extensions.swift"; sourceTree = "<group>"; };
		3B99B0552226251B00A1B599 /* SLPWallet.framework */ = {isa = PBXFileReference; explicitFileType = wrapper.framework; includeInIndex = 0; path = SLPWallet.framework; sourceTree = BUILT_PRODUCTS_DIR; };
		3B99B0592226251B00A1B599 /* Info.plist */ = {isa = PBXFileReference; lastKnownFileType = text.plist.xml; path = Info.plist; sourceTree = "<group>"; };
		3B99B05E2226251B00A1B599 /* SLPWalletTests.xctest */ = {isa = PBXFileReference; explicitFileType = wrapper.cfbundle; includeInIndex = 0; path = SLPWalletTests.xctest; sourceTree = BUILT_PRODUCTS_DIR; };
		3B99B0652226251B00A1B599 /* Info.plist */ = {isa = PBXFileReference; lastKnownFileType = text.plist.xml; path = Info.plist; sourceTree = "<group>"; };
		3B99B0722226290100A1B599 /* UserDefaults+Extensions.swift */ = {isa = PBXFileReference; fileEncoding = 4; lastKnownFileType = sourcecode.swift; path = "UserDefaults+Extensions.swift"; sourceTree = "<group>"; };
		3B99B0762226290100A1B599 /* RestService.swift */ = {isa = PBXFileReference; fileEncoding = 4; lastKnownFileType = sourcecode.swift; path = RestService.swift; sourceTree = "<group>"; };
		3B99B0782226290100A1B599 /* RestNetwork.swift */ = {isa = PBXFileReference; fileEncoding = 4; lastKnownFileType = sourcecode.swift; path = RestNetwork.swift; sourceTree = "<group>"; };
		3B99B08A22262DC700A1B599 /* SLPWallet.swift */ = {isa = PBXFileReference; lastKnownFileType = sourcecode.swift; path = SLPWallet.swift; sourceTree = "<group>"; };
		3BB10CB0224B59E6009BE56D /* SLPWalletConfig.swift */ = {isa = PBXFileReference; lastKnownFileType = sourcecode.swift; path = SLPWalletConfig.swift; sourceTree = "<group>"; };
		3BB10CB2224B5AB8009BE56D /* StorageProvider.swift */ = {isa = PBXFileReference; lastKnownFileType = sourcecode.swift; path = StorageProvider.swift; sourceTree = "<group>"; };
		3BB10CB4224B5ADB009BE56D /* InternalStorageProvider.swift */ = {isa = PBXFileReference; lastKnownFileType = sourcecode.swift; path = InternalStorageProvider.swift; sourceTree = "<group>"; };
		3BB10CB7224B6AE2009BE56D /* SLPWalletConfigTest.swift */ = {isa = PBXFileReference; lastKnownFileType = sourcecode.swift; path = SLPWalletConfigTest.swift; sourceTree = "<group>"; };
		3BB10CB9224B6CC6009BE56D /* InternalStorageProviderTest.swift */ = {isa = PBXFileReference; lastKnownFileType = sourcecode.swift; path = InternalStorageProviderTest.swift; sourceTree = "<group>"; };
		3BB10CBB224B6CE7009BE56D /* SecureStorageProviderTest.swift */ = {isa = PBXFileReference; lastKnownFileType = sourcecode.swift; path = SecureStorageProviderTest.swift; sourceTree = "<group>"; };
		3BC2880A222D022F00EB3375 /* SLPTransactionBuilder.swift */ = {isa = PBXFileReference; lastKnownFileType = sourcecode.swift; path = SLPTransactionBuilder.swift; sourceTree = "<group>"; };
		3BD6225F2248943300503956 /* SLPTransactionParserTest.swift */ = {isa = PBXFileReference; lastKnownFileType = sourcecode.swift; path = SLPTransactionParserTest.swift; sourceTree = "<group>"; };
		3BD6226622489C6000503956 /* tx_details_genesis_tst.json */ = {isa = PBXFileReference; fileEncoding = 4; lastKnownFileType = text.json; path = tx_details_genesis_tst.json; sourceTree = "<group>"; };
		3BD622682248B05900503956 /* tx_details_send_tst.json */ = {isa = PBXFileReference; fileEncoding = 4; lastKnownFileType = text.json; path = tx_details_send_tst.json; sourceTree = "<group>"; };
		3BD6226A2248B5F500503956 /* tx_details_mint_lvl001.json */ = {isa = PBXFileReference; fileEncoding = 4; lastKnownFileType = text.json; path = tx_details_mint_lvl001.json; sourceTree = "<group>"; };
		3BD7504E2235745D00CF5072 /* BitcoinKit.framework */ = {isa = PBXFileReference; explicitFileType = wrapper.framework; path = BitcoinKit.framework; sourceTree = BUILT_PRODUCTS_DIR; };
		3BD7508222358D9A00CF5072 /* SLPWalletHostTests.app */ = {isa = PBXFileReference; explicitFileType = wrapper.application; includeInIndex = 0; path = SLPWalletHostTests.app; sourceTree = BUILT_PRODUCTS_DIR; };
		3BD7508422358D9A00CF5072 /* AppDelegate.swift */ = {isa = PBXFileReference; lastKnownFileType = sourcecode.swift; path = AppDelegate.swift; sourceTree = "<group>"; };
		3BD7508622358D9A00CF5072 /* ViewController.swift */ = {isa = PBXFileReference; lastKnownFileType = sourcecode.swift; path = ViewController.swift; sourceTree = "<group>"; };
		3BD7508922358D9A00CF5072 /* Base */ = {isa = PBXFileReference; lastKnownFileType = file.storyboard; name = Base; path = Base.lproj/Main.storyboard; sourceTree = "<group>"; };
		3BD7508B22358D9A00CF5072 /* Assets.xcassets */ = {isa = PBXFileReference; lastKnownFileType = folder.assetcatalog; path = Assets.xcassets; sourceTree = "<group>"; };
		3BD7508E22358D9A00CF5072 /* Base */ = {isa = PBXFileReference; lastKnownFileType = file.storyboard; name = Base; path = Base.lproj/LaunchScreen.storyboard; sourceTree = "<group>"; };
		3BD7509022358D9A00CF5072 /* Info.plist */ = {isa = PBXFileReference; lastKnownFileType = text.plist.xml; path = Info.plist; sourceTree = "<group>"; };
		3BD750982237B0E400CF5072 /* TokenQtyConverterTest.swift */ = {isa = PBXFileReference; lastKnownFileType = sourcecode.swift; path = TokenQtyConverterTest.swift; sourceTree = "<group>"; };
		3BD7509A2237B5AF00CF5072 /* SLPWalletUTXOTest.swift */ = {isa = PBXFileReference; lastKnownFileType = sourcecode.swift; path = SLPWalletUTXOTest.swift; sourceTree = "<group>"; };
		3BD7509C2237BEAB00CF5072 /* Double+ExtensionsTest.swift */ = {isa = PBXFileReference; lastKnownFileType = sourcecode.swift; path = "Double+ExtensionsTest.swift"; sourceTree = "<group>"; };
		3BD7509E2237BF9000CF5072 /* String+ExtensionsTest.swift */ = {isa = PBXFileReference; lastKnownFileType = sourcecode.swift; path = "String+ExtensionsTest.swift"; sourceTree = "<group>"; };
		3BD750A02237C06D00CF5072 /* SLPTokenTest.swift */ = {isa = PBXFileReference; lastKnownFileType = sourcecode.swift; path = SLPTokenTest.swift; sourceTree = "<group>"; };
		3BD750A22237C3E800CF5072 /* UserDefault+ExtensionsTest.swift */ = {isa = PBXFileReference; lastKnownFileType = sourcecode.swift; path = "UserDefault+ExtensionsTest.swift"; sourceTree = "<group>"; };
		3BD750A42237C72900CF5072 /* SLPTransactionBuilderTest.swift */ = {isa = PBXFileReference; lastKnownFileType = sourcecode.swift; path = SLPTransactionBuilderTest.swift; sourceTree = "<group>"; };
		3BD750AE2237E93400CF5072 /* SecureStorageProvider.swift */ = {isa = PBXFileReference; lastKnownFileType = sourcecode.swift; path = SecureStorageProvider.swift; sourceTree = "<group>"; };
		3BDFC1562233A91E00DC167E /* SLPWalletTests.entitlements */ = {isa = PBXFileReference; lastKnownFileType = text.plist.entitlements; path = SLPWalletTests.entitlements; sourceTree = "<group>"; };
		3BE242AB22266165003432CE /* Podfile */ = {isa = PBXFileReference; fileEncoding = 4; lastKnownFileType = text; path = Podfile; sourceTree = "<group>"; xcLanguageSpecificationIdentifier = xcode.lang.ruby; };
		3BE242AD222667F2003432CE /* RestServiceTest.swift */ = {isa = PBXFileReference; lastKnownFileType = sourcecode.swift; path = RestServiceTest.swift; sourceTree = "<group>"; };
		3D8FBE6A85C0A5C87BA47239 /* Pods_All_SLPWallet.framework */ = {isa = PBXFileReference; explicitFileType = wrapper.framework; includeInIndex = 0; path = Pods_All_SLPWallet.framework; sourceTree = BUILT_PRODUCTS_DIR; };
		7BF528C674BCE9EEB5E90520 /* Pods_SLPWalletTests.framework */ = {isa = PBXFileReference; explicitFileType = wrapper.framework; includeInIndex = 0; path = Pods_SLPWalletTests.framework; sourceTree = BUILT_PRODUCTS_DIR; };
		890110000F200FAF616C6E2E /* Pods-All-SLPWallet.debug.xcconfig */ = {isa = PBXFileReference; includeInIndex = 1; lastKnownFileType = text.xcconfig; name = "Pods-All-SLPWallet.debug.xcconfig"; path = "Target Support Files/Pods-All-SLPWallet/Pods-All-SLPWallet.debug.xcconfig"; sourceTree = "<group>"; };
		F1DBD6941A749C2400954E1F /* Pods-SLPWalletTests.debug.xcconfig */ = {isa = PBXFileReference; includeInIndex = 1; lastKnownFileType = text.xcconfig; name = "Pods-SLPWalletTests.debug.xcconfig"; path = "Target Support Files/Pods-SLPWalletTests/Pods-SLPWalletTests.debug.xcconfig"; sourceTree = "<group>"; };
		FB3A348EC237FAE26363CAC1 /* Pods-All-SLPWallet.release.xcconfig */ = {isa = PBXFileReference; includeInIndex = 1; lastKnownFileType = text.xcconfig; name = "Pods-All-SLPWallet.release.xcconfig"; path = "Target Support Files/Pods-All-SLPWallet/Pods-All-SLPWallet.release.xcconfig"; sourceTree = "<group>"; };
/* End PBXFileReference section */

/* Begin PBXFrameworksBuildPhase section */
		3B99B0522226251B00A1B599 /* Frameworks */ = {
			isa = PBXFrameworksBuildPhase;
			buildActionMask = 2147483647;
			files = (
				20F9189D876A537C9921C41D /* Pods_All_SLPWallet.framework in Frameworks */,
			);
			runOnlyForDeploymentPostprocessing = 0;
		};
		3B99B05B2226251B00A1B599 /* Frameworks */ = {
			isa = PBXFrameworksBuildPhase;
			buildActionMask = 2147483647;
			files = (
				3B99B05F2226251B00A1B599 /* SLPWallet.framework in Frameworks */,
				28F506C21B69A85C511D3BEF /* Pods_SLPWalletTests.framework in Frameworks */,
			);
			runOnlyForDeploymentPostprocessing = 0;
		};
		3BD7507F22358D9A00CF5072 /* Frameworks */ = {
			isa = PBXFrameworksBuildPhase;
			buildActionMask = 2147483647;
			files = (
			);
			runOnlyForDeploymentPostprocessing = 0;
		};
/* End PBXFrameworksBuildPhase section */

/* Begin PBXGroup section */
		0BD85E2FC2EB379579C59110 /* Frameworks */ = {
			isa = PBXGroup;
			children = (
				3BD7504E2235745D00CF5072 /* BitcoinKit.framework */,
				3D8FBE6A85C0A5C87BA47239 /* Pods_All_SLPWallet.framework */,
				7BF528C674BCE9EEB5E90520 /* Pods_SLPWalletTests.framework */,
			);
			name = Frameworks;
			sourceTree = "<group>";
		};
		1BE36C2D73396B1F26487CBB /* Pods */ = {
			isa = PBXGroup;
			children = (
				890110000F200FAF616C6E2E /* Pods-All-SLPWallet.debug.xcconfig */,
				FB3A348EC237FAE26363CAC1 /* Pods-All-SLPWallet.release.xcconfig */,
				F1DBD6941A749C2400954E1F /* Pods-SLPWalletTests.debug.xcconfig */,
				1DFFAD2AFD166179BF17DA9E /* Pods-SLPWalletTests.release.xcconfig */,
			);
			path = Pods;
			sourceTree = "<group>";
		};
		3B288C4A222C388500C1AC81 /* Utils */ = {
			isa = PBXGroup;
			children = (
				3BC2880A222D022F00EB3375 /* SLPTransactionBuilder.swift */,
				3B7FE9282229225200CB5755 /* SLPTransactionParser.swift */,
				3B288C46222C300E00C1AC81 /* TokenQtyConverter.swift */,
			);
			path = Utils;
			sourceTree = "<group>";
		};
		3B99B04B2226251B00A1B599 = {
			isa = PBXGroup;
			children = (
				3B7FE92A2229892E00CB5755 /* README.md */,
				3B7FE90622283C2B00CB5755 /* SLPWallet.podspec */,
				3BE242AB22266165003432CE /* Podfile */,
				3B99B0572226251B00A1B599 /* SLPWallet */,
				3B99B0622226251B00A1B599 /* SLPWalletTests */,
				3BD7508322358D9A00CF5072 /* SLPWalletHostTests */,
				3B99B0562226251B00A1B599 /* Products */,
				0BD85E2FC2EB379579C59110 /* Frameworks */,
				1BE36C2D73396B1F26487CBB /* Pods */,
			);
			sourceTree = "<group>";
		};
		3B99B0562226251B00A1B599 /* Products */ = {
			isa = PBXGroup;
			children = (
				3B99B0552226251B00A1B599 /* SLPWallet.framework */,
				3B99B05E2226251B00A1B599 /* SLPWalletTests.xctest */,
				3BD7508222358D9A00CF5072 /* SLPWalletHostTests.app */,
			);
			name = Products;
			sourceTree = "<group>";
		};
		3B99B0572226251B00A1B599 /* SLPWallet */ = {
			isa = PBXGroup;
			children = (
				3BB10CB6224B5BCD009BE56D /* StorageProvider */,
				3BB10CB2224B5AB8009BE56D /* StorageProvider.swift */,
				3BB10CBE224B76F5009BE56D /* Token */,
				3BB10CBD224B76DA009BE56D /* Wallet */,
				3B99B08A22262DC700A1B599 /* SLPWallet.swift */,
				3BB10CB0224B59E6009BE56D /* SLPWalletConfig.swift */,
				3B288C4A222C388500C1AC81 /* Utils */,
				3B99B06F2226290100A1B599 /* Extensions */,
				3B99B0772226290100A1B599 /* Networks */,
				3B99B0752226290100A1B599 /* Services */,
				3B99B0592226251B00A1B599 /* Info.plist */,
			);
			path = SLPWallet;
			sourceTree = "<group>";
		};
		3B99B0622226251B00A1B599 /* SLPWalletTests */ = {
			isa = PBXGroup;
			children = (
				3BB10C472248B621009BE56D /* Assets */,
				3BE242AD222667F2003432CE /* RestServiceTest.swift */,
				3B7FE8FD2227ABD900CB5755 /* SLPWalletTest.swift */,
				3BD750A02237C06D00CF5072 /* SLPTokenTest.swift */,
				3BD7509A2237B5AF00CF5072 /* SLPWalletUTXOTest.swift */,
				3BB10CB7224B6AE2009BE56D /* SLPWalletConfigTest.swift */,
				3BD6225F2248943300503956 /* SLPTransactionParserTest.swift */,
				3BD750A42237C72900CF5072 /* SLPTransactionBuilderTest.swift */,
				3BB10CBB224B6CE7009BE56D /* SecureStorageProviderTest.swift */,
				3BB10CB9224B6CC6009BE56D /* InternalStorageProviderTest.swift */,
				3BD750982237B0E400CF5072 /* TokenQtyConverterTest.swift */,
				3BD7509C2237BEAB00CF5072 /* Double+ExtensionsTest.swift */,
				3BD7509E2237BF9000CF5072 /* String+ExtensionsTest.swift */,
				3BD750A22237C3E800CF5072 /* UserDefault+ExtensionsTest.swift */,
				3B99B0652226251B00A1B599 /* Info.plist */,
				3BDFC1562233A91E00DC167E /* SLPWalletTests.entitlements */,
			);
			path = SLPWalletTests;
			sourceTree = "<group>";
		};
		3B99B06F2226290100A1B599 /* Extensions */ = {
			isa = PBXGroup;
			children = (
				3B79D222223B160100FF3AFB /* Double+Extensions.swift */,
				3B7FE8D42226A67E00CB5755 /* Data+Extensions.swift */,
				3B99B0722226290100A1B599 /* UserDefaults+Extensions.swift */,
				3B7FE8FF2227BF8300CB5755 /* String+Extensions.swift */,
				3B7FE932222A895E00CB5755 /* Array+Extensions.swift */,
			);
			path = Extensions;
			sourceTree = "<group>";
		};
		3B99B0752226290100A1B599 /* Services */ = {
			isa = PBXGroup;
			children = (
				3B99B0762226290100A1B599 /* RestService.swift */,
			);
			path = Services;
			sourceTree = "<group>";
		};
		3B99B0772226290100A1B599 /* Networks */ = {
			isa = PBXGroup;
			children = (
				3B99B0782226290100A1B599 /* RestNetwork.swift */,
			);
			path = Networks;
			sourceTree = "<group>";
		};
		3BB10C472248B621009BE56D /* Assets */ = {
			isa = PBXGroup;
			children = (
				3BD6226A2248B5F500503956 /* tx_details_mint_lvl001.json */,
				3BD622682248B05900503956 /* tx_details_send_tst.json */,
				3BD6226622489C6000503956 /* tx_details_genesis_tst.json */,
			);
			path = Assets;
			sourceTree = "<group>";
		};
		3BB10CB6224B5BCD009BE56D /* StorageProvider */ = {
			isa = PBXGroup;
			children = (
				3BD750AE2237E93400CF5072 /* SecureStorageProvider.swift */,
				3BB10CB4224B5ADB009BE56D /* InternalStorageProvider.swift */,
			);
			path = StorageProvider;
			sourceTree = "<group>";
		};
		3BB10CBD224B76DA009BE56D /* Wallet */ = {
			isa = PBXGroup;
			children = (
				3B7FE92E2229913100CB5755 /* SLPWalletUTXO.swift */,
				3B6D8277224241B000119AF0 /* SLPWalletAccount.swift */,
			);
			path = Wallet;
			sourceTree = "<group>";
		};
		3BB10CBE224B76F5009BE56D /* Token */ = {
			isa = PBXGroup;
			children = (
				3B7FE92C222990FB00CB5755 /* SLPToken.swift */,
				3B7FE9302229915600CB5755 /* SLPTokenUTXO.swift */,
			);
			path = Token;
			sourceTree = "<group>";
		};
		3BD7508322358D9A00CF5072 /* SLPWalletHostTests */ = {
			isa = PBXGroup;
			children = (
				3BD7508422358D9A00CF5072 /* AppDelegate.swift */,
				3BD7508622358D9A00CF5072 /* ViewController.swift */,
				3BD7508822358D9A00CF5072 /* Main.storyboard */,
				3BD7508B22358D9A00CF5072 /* Assets.xcassets */,
				3BD7508D22358D9A00CF5072 /* LaunchScreen.storyboard */,
				3BD7509022358D9A00CF5072 /* Info.plist */,
			);
			path = SLPWalletHostTests;
			sourceTree = "<group>";
		};
/* End PBXGroup section */

/* Begin PBXHeadersBuildPhase section */
		3B99B0502226251B00A1B599 /* Headers */ = {
			isa = PBXHeadersBuildPhase;
			buildActionMask = 2147483647;
			files = (
			);
			runOnlyForDeploymentPostprocessing = 0;
		};
/* End PBXHeadersBuildPhase section */

/* Begin PBXNativeTarget section */
		3B99B0542226251B00A1B599 /* SLPWallet */ = {
			isa = PBXNativeTarget;
			buildConfigurationList = 3B99B0692226251B00A1B599 /* Build configuration list for PBXNativeTarget "SLPWallet" */;
			buildPhases = (
				1378A790A23B5C82273005D5 /* [CP] Check Pods Manifest.lock */,
				3B99B0502226251B00A1B599 /* Headers */,
				3B99B0512226251B00A1B599 /* Sources */,
				3B99B0522226251B00A1B599 /* Frameworks */,
				3B99B0532226251B00A1B599 /* Resources */,
			);
			buildRules = (
			);
			dependencies = (
			);
			name = SLPWallet;
			productName = SLPWallet;
			productReference = 3B99B0552226251B00A1B599 /* SLPWallet.framework */;
			productType = "com.apple.product-type.framework";
		};
		3B99B05D2226251B00A1B599 /* SLPWalletTests */ = {
			isa = PBXNativeTarget;
			buildConfigurationList = 3B99B06C2226251B00A1B599 /* Build configuration list for PBXNativeTarget "SLPWalletTests" */;
			buildPhases = (
				5D80F066CE9F49464D55CC8D /* [CP] Check Pods Manifest.lock */,
				3B99B05A2226251B00A1B599 /* Sources */,
				3B99B05B2226251B00A1B599 /* Frameworks */,
				3B99B05C2226251B00A1B599 /* Resources */,
				25CE8F2B85109CF3A9716934 /* [CP] Embed Pods Frameworks */,
			);
			buildRules = (
			);
			dependencies = (
				3B99B0612226251B00A1B599 /* PBXTargetDependency */,
				3BD7509522358DA400CF5072 /* PBXTargetDependency */,
			);
			name = SLPWalletTests;
			productName = SLPWalletTests;
			productReference = 3B99B05E2226251B00A1B599 /* SLPWalletTests.xctest */;
			productType = "com.apple.product-type.bundle.unit-test";
		};
		3BD7508122358D9A00CF5072 /* SLPWalletHostTests */ = {
			isa = PBXNativeTarget;
			buildConfigurationList = 3BD7509122358D9A00CF5072 /* Build configuration list for PBXNativeTarget "SLPWalletHostTests" */;
			buildPhases = (
				3BD7507E22358D9A00CF5072 /* Sources */,
				3BD7507F22358D9A00CF5072 /* Frameworks */,
				3BD7508022358D9A00CF5072 /* Resources */,
			);
			buildRules = (
			);
			dependencies = (
			);
			name = SLPWalletHostTests;
			productName = SLPWalletHostTests;
			productReference = 3BD7508222358D9A00CF5072 /* SLPWalletHostTests.app */;
			productType = "com.apple.product-type.application";
		};
/* End PBXNativeTarget section */

/* Begin PBXProject section */
		3B99B04C2226251B00A1B599 /* Project object */ = {
			isa = PBXProject;
			attributes = {
				LastSwiftUpdateCheck = 1010;
				LastUpgradeCheck = 1010;
				ORGANIZATIONNAME = Bitcoin.com;
				TargetAttributes = {
					3B99B0542226251B00A1B599 = {
						CreatedOnToolsVersion = 10.1;
						LastSwiftMigration = 1010;
					};
					3B99B05D2226251B00A1B599 = {
						CreatedOnToolsVersion = 10.1;
						TestTargetID = 3BD7508122358D9A00CF5072;
					};
					3BD7508122358D9A00CF5072 = {
						CreatedOnToolsVersion = 10.1;
					};
				};
			};
			buildConfigurationList = 3B99B04F2226251B00A1B599 /* Build configuration list for PBXProject "SLPWallet" */;
			compatibilityVersion = "Xcode 9.3";
			developmentRegion = en;
			hasScannedForEncodings = 0;
			knownRegions = (
				en,
				Base,
			);
			mainGroup = 3B99B04B2226251B00A1B599;
			productRefGroup = 3B99B0562226251B00A1B599 /* Products */;
			projectDirPath = "";
			projectRoot = "";
			targets = (
				3B99B0542226251B00A1B599 /* SLPWallet */,
				3B99B05D2226251B00A1B599 /* SLPWalletTests */,
				3BD7508122358D9A00CF5072 /* SLPWalletHostTests */,
			);
		};
/* End PBXProject section */

/* Begin PBXResourcesBuildPhase section */
		3B99B0532226251B00A1B599 /* Resources */ = {
			isa = PBXResourcesBuildPhase;
			buildActionMask = 2147483647;
			files = (
				3B7FE92B2229892F00CB5755 /* README.md in Resources */,
				3BE242AC22266165003432CE /* Podfile in Resources */,
				3B7FE90722283C2B00CB5755 /* SLPWallet.podspec in Resources */,
			);
			runOnlyForDeploymentPostprocessing = 0;
		};
		3B99B05C2226251B00A1B599 /* Resources */ = {
			isa = PBXResourcesBuildPhase;
			buildActionMask = 2147483647;
			files = (
				3BD622692248B05900503956 /* tx_details_send_tst.json in Resources */,
				3BD6226722489C6100503956 /* tx_details_genesis_tst.json in Resources */,
				3BD6226B2248B5F500503956 /* tx_details_mint_lvl001.json in Resources */,
			);
			runOnlyForDeploymentPostprocessing = 0;
		};
		3BD7508022358D9A00CF5072 /* Resources */ = {
			isa = PBXResourcesBuildPhase;
			buildActionMask = 2147483647;
			files = (
				3BD7508F22358D9A00CF5072 /* LaunchScreen.storyboard in Resources */,
				3BD7508C22358D9A00CF5072 /* Assets.xcassets in Resources */,
				3BD7508A22358D9A00CF5072 /* Main.storyboard in Resources */,
			);
			runOnlyForDeploymentPostprocessing = 0;
		};
/* End PBXResourcesBuildPhase section */

/* Begin PBXShellScriptBuildPhase section */
		1378A790A23B5C82273005D5 /* [CP] Check Pods Manifest.lock */ = {
			isa = PBXShellScriptBuildPhase;
			buildActionMask = 2147483647;
			files = (
			);
			inputFileListPaths = (
			);
			inputPaths = (
				"${PODS_PODFILE_DIR_PATH}/Podfile.lock",
				"${PODS_ROOT}/Manifest.lock",
			);
			name = "[CP] Check Pods Manifest.lock";
			outputFileListPaths = (
			);
			outputPaths = (
				"$(DERIVED_FILE_DIR)/Pods-All-SLPWallet-checkManifestLockResult.txt",
			);
			runOnlyForDeploymentPostprocessing = 0;
			shellPath = /bin/sh;
			shellScript = "diff \"${PODS_PODFILE_DIR_PATH}/Podfile.lock\" \"${PODS_ROOT}/Manifest.lock\" > /dev/null\nif [ $? != 0 ] ; then\n    # print error to STDERR\n    echo \"error: The sandbox is not in sync with the Podfile.lock. Run 'pod install' or update your CocoaPods installation.\" >&2\n    exit 1\nfi\n# This output is used by Xcode 'outputs' to avoid re-running this script phase.\necho \"SUCCESS\" > \"${SCRIPT_OUTPUT_FILE_0}\"\n";
			showEnvVarsInLog = 0;
		};
		25CE8F2B85109CF3A9716934 /* [CP] Embed Pods Frameworks */ = {
			isa = PBXShellScriptBuildPhase;
			buildActionMask = 2147483647;
			files = (
			);
			inputFileListPaths = (
				"${PODS_ROOT}/Target Support Files/Pods-SLPWalletTests/Pods-SLPWalletTests-frameworks-${CONFIGURATION}-input-files.xcfilelist",
			);
			name = "[CP] Embed Pods Frameworks";
			outputFileListPaths = (
				"${PODS_ROOT}/Target Support Files/Pods-SLPWalletTests/Pods-SLPWalletTests-frameworks-${CONFIGURATION}-output-files.xcfilelist",
			);
			runOnlyForDeploymentPostprocessing = 0;
			shellPath = /bin/sh;
			shellScript = "\"${PODS_ROOT}/Target Support Files/Pods-SLPWalletTests/Pods-SLPWalletTests-frameworks.sh\"\n";
			showEnvVarsInLog = 0;
		};
		5D80F066CE9F49464D55CC8D /* [CP] Check Pods Manifest.lock */ = {
			isa = PBXShellScriptBuildPhase;
			buildActionMask = 2147483647;
			files = (
			);
			inputFileListPaths = (
			);
			inputPaths = (
				"${PODS_PODFILE_DIR_PATH}/Podfile.lock",
				"${PODS_ROOT}/Manifest.lock",
			);
			name = "[CP] Check Pods Manifest.lock";
			outputFileListPaths = (
			);
			outputPaths = (
				"$(DERIVED_FILE_DIR)/Pods-SLPWalletTests-checkManifestLockResult.txt",
			);
			runOnlyForDeploymentPostprocessing = 0;
			shellPath = /bin/sh;
			shellScript = "diff \"${PODS_PODFILE_DIR_PATH}/Podfile.lock\" \"${PODS_ROOT}/Manifest.lock\" > /dev/null\nif [ $? != 0 ] ; then\n    # print error to STDERR\n    echo \"error: The sandbox is not in sync with the Podfile.lock. Run 'pod install' or update your CocoaPods installation.\" >&2\n    exit 1\nfi\n# This output is used by Xcode 'outputs' to avoid re-running this script phase.\necho \"SUCCESS\" > \"${SCRIPT_OUTPUT_FILE_0}\"\n";
			showEnvVarsInLog = 0;
		};
/* End PBXShellScriptBuildPhase section */

/* Begin PBXSourcesBuildPhase section */
		3B99B0512226251B00A1B599 /* Sources */ = {
			isa = PBXSourcesBuildPhase;
			buildActionMask = 2147483647;
			files = (
				3BC2880B222D022F00EB3375 /* SLPTransactionBuilder.swift in Sources */,
				3B99B07E2226290100A1B599 /* UserDefaults+Extensions.swift in Sources */,
				3B99B08B22262DC700A1B599 /* SLPWallet.swift in Sources */,
				3B7FE92F2229913100CB5755 /* SLPWalletUTXO.swift in Sources */,
				3BB10CB3224B5AB8009BE56D /* StorageProvider.swift in Sources */,
				3BD750AF2237E93400CF5072 /* SecureStorageProvider.swift in Sources */,
				3B99B0812226290100A1B599 /* RestNetwork.swift in Sources */,
				3B288C49222C387700C1AC81 /* TokenQtyConverter.swift in Sources */,
				3BB10CB5224B5ADB009BE56D /* InternalStorageProvider.swift in Sources */,
				3B6D8278224241B000119AF0 /* SLPWalletAccount.swift in Sources */,
				3BB10CB1224B59E6009BE56D /* SLPWalletConfig.swift in Sources */,
				3B7FE9002227BF8300CB5755 /* String+Extensions.swift in Sources */,
				3B7FE9312229915600CB5755 /* SLPTokenUTXO.swift in Sources */,
				3B79D223223B160100FF3AFB /* Double+Extensions.swift in Sources */,
				3B99B0802226290100A1B599 /* RestService.swift in Sources */,
				3B7FE8D52226A67E00CB5755 /* Data+Extensions.swift in Sources */,
				3B7FE933222A895E00CB5755 /* Array+Extensions.swift in Sources */,
				3B7FE9292229225200CB5755 /* SLPTransactionParser.swift in Sources */,
				3B7FE92D222990FB00CB5755 /* SLPToken.swift in Sources */,
			);
			runOnlyForDeploymentPostprocessing = 0;
		};
		3B99B05A2226251B00A1B599 /* Sources */ = {
			isa = PBXSourcesBuildPhase;
			buildActionMask = 2147483647;
			files = (
				3BB10CBA224B6CC7009BE56D /* InternalStorageProviderTest.swift in Sources */,
				3B7FE8FE2227ABD900CB5755 /* SLPWalletTest.swift in Sources */,
				3BD7509F2237BF9000CF5072 /* String+ExtensionsTest.swift in Sources */,
				3BD750A32237C3E800CF5072 /* UserDefault+ExtensionsTest.swift in Sources */,
				3BD750992237B0E400CF5072 /* TokenQtyConverterTest.swift in Sources */,
				3BD7509D2237BEAB00CF5072 /* Double+ExtensionsTest.swift in Sources */,
				3BD7509B2237B5AF00CF5072 /* SLPWalletUTXOTest.swift in Sources */,
				3BB10CBC224B6CE7009BE56D /* SecureStorageProviderTest.swift in Sources */,
				3BB10CB8224B6AE2009BE56D /* SLPWalletConfigTest.swift in Sources */,
				3BD750A52237C72900CF5072 /* SLPTransactionBuilderTest.swift in Sources */,
				3BD750A12237C06D00CF5072 /* SLPTokenTest.swift in Sources */,
				3BD622602248943300503956 /* SLPTransactionParserTest.swift in Sources */,
				3BDFC1572233A91E00DC167E /* SLPWalletTests.entitlements in Sources */,
				3BE242AE222667F2003432CE /* RestServiceTest.swift in Sources */,
			);
			runOnlyForDeploymentPostprocessing = 0;
		};
		3BD7507E22358D9A00CF5072 /* Sources */ = {
			isa = PBXSourcesBuildPhase;
			buildActionMask = 2147483647;
			files = (
				3BD7508722358D9A00CF5072 /* ViewController.swift in Sources */,
				3BD7508522358D9A00CF5072 /* AppDelegate.swift in Sources */,
			);
			runOnlyForDeploymentPostprocessing = 0;
		};
/* End PBXSourcesBuildPhase section */

/* Begin PBXTargetDependency section */
		3B99B0612226251B00A1B599 /* PBXTargetDependency */ = {
			isa = PBXTargetDependency;
			target = 3B99B0542226251B00A1B599 /* SLPWallet */;
			targetProxy = 3B99B0602226251B00A1B599 /* PBXContainerItemProxy */;
		};
		3BD7509522358DA400CF5072 /* PBXTargetDependency */ = {
			isa = PBXTargetDependency;
			target = 3BD7508122358D9A00CF5072 /* SLPWalletHostTests */;
			targetProxy = 3BD7509422358DA400CF5072 /* PBXContainerItemProxy */;
		};
/* End PBXTargetDependency section */

/* Begin PBXVariantGroup section */
		3BD7508822358D9A00CF5072 /* Main.storyboard */ = {
			isa = PBXVariantGroup;
			children = (
				3BD7508922358D9A00CF5072 /* Base */,
			);
			name = Main.storyboard;
			sourceTree = "<group>";
		};
		3BD7508D22358D9A00CF5072 /* LaunchScreen.storyboard */ = {
			isa = PBXVariantGroup;
			children = (
				3BD7508E22358D9A00CF5072 /* Base */,
			);
			name = LaunchScreen.storyboard;
			sourceTree = "<group>";
		};
/* End PBXVariantGroup section */

/* Begin XCBuildConfiguration section */
		3B99B0672226251B00A1B599 /* Debug */ = {
			isa = XCBuildConfiguration;
			buildSettings = {
				ALWAYS_SEARCH_USER_PATHS = NO;
				CLANG_ANALYZER_NONNULL = YES;
				CLANG_ANALYZER_NUMBER_OBJECT_CONVERSION = YES_AGGRESSIVE;
				CLANG_CXX_LANGUAGE_STANDARD = "gnu++14";
				CLANG_CXX_LIBRARY = "libc++";
				CLANG_ENABLE_MODULES = YES;
				CLANG_ENABLE_OBJC_ARC = YES;
				CLANG_ENABLE_OBJC_WEAK = YES;
				CLANG_WARN_BLOCK_CAPTURE_AUTORELEASING = YES;
				CLANG_WARN_BOOL_CONVERSION = YES;
				CLANG_WARN_COMMA = YES;
				CLANG_WARN_CONSTANT_CONVERSION = YES;
				CLANG_WARN_DEPRECATED_OBJC_IMPLEMENTATIONS = YES;
				CLANG_WARN_DIRECT_OBJC_ISA_USAGE = YES_ERROR;
				CLANG_WARN_DOCUMENTATION_COMMENTS = YES;
				CLANG_WARN_EMPTY_BODY = YES;
				CLANG_WARN_ENUM_CONVERSION = YES;
				CLANG_WARN_INFINITE_RECURSION = YES;
				CLANG_WARN_INT_CONVERSION = YES;
				CLANG_WARN_NON_LITERAL_NULL_CONVERSION = YES;
				CLANG_WARN_OBJC_IMPLICIT_RETAIN_SELF = YES;
				CLANG_WARN_OBJC_LITERAL_CONVERSION = YES;
				CLANG_WARN_OBJC_ROOT_CLASS = YES_ERROR;
				CLANG_WARN_RANGE_LOOP_ANALYSIS = YES;
				CLANG_WARN_STRICT_PROTOTYPES = YES;
				CLANG_WARN_SUSPICIOUS_MOVE = YES;
				CLANG_WARN_UNGUARDED_AVAILABILITY = YES_AGGRESSIVE;
				CLANG_WARN_UNREACHABLE_CODE = YES;
				CLANG_WARN__DUPLICATE_METHOD_MATCH = YES;
				CODE_SIGN_IDENTITY = "iPhone Developer";
				COPY_PHASE_STRIP = NO;
				CURRENT_PROJECT_VERSION = 1;
				DEBUG_INFORMATION_FORMAT = dwarf;
				ENABLE_STRICT_OBJC_MSGSEND = YES;
				ENABLE_TESTABILITY = YES;
				GCC_C_LANGUAGE_STANDARD = gnu11;
				GCC_DYNAMIC_NO_PIC = NO;
				GCC_NO_COMMON_BLOCKS = YES;
				GCC_OPTIMIZATION_LEVEL = 0;
				GCC_PREPROCESSOR_DEFINITIONS = (
					"DEBUG=1",
					"$(inherited)",
				);
				GCC_WARN_64_TO_32_BIT_CONVERSION = YES;
				GCC_WARN_ABOUT_RETURN_TYPE = YES_ERROR;
				GCC_WARN_UNDECLARED_SELECTOR = YES;
				GCC_WARN_UNINITIALIZED_AUTOS = YES_AGGRESSIVE;
				GCC_WARN_UNUSED_FUNCTION = YES;
				GCC_WARN_UNUSED_VARIABLE = YES;
				IPHONEOS_DEPLOYMENT_TARGET = 12.1;
				MTL_ENABLE_DEBUG_INFO = INCLUDE_SOURCE;
				MTL_FAST_MATH = YES;
				ONLY_ACTIVE_ARCH = YES;
				SDKROOT = iphoneos;
				SWIFT_ACTIVE_COMPILATION_CONDITIONS = DEBUG;
				SWIFT_OPTIMIZATION_LEVEL = "-Onone";
				SWIFT_VERSION = 4.0;
				VERSIONING_SYSTEM = "apple-generic";
				VERSION_INFO_PREFIX = "";
			};
			name = Debug;
		};
		3B99B0682226251B00A1B599 /* Release */ = {
			isa = XCBuildConfiguration;
			buildSettings = {
				ALWAYS_SEARCH_USER_PATHS = NO;
				CLANG_ANALYZER_NONNULL = YES;
				CLANG_ANALYZER_NUMBER_OBJECT_CONVERSION = YES_AGGRESSIVE;
				CLANG_CXX_LANGUAGE_STANDARD = "gnu++14";
				CLANG_CXX_LIBRARY = "libc++";
				CLANG_ENABLE_MODULES = YES;
				CLANG_ENABLE_OBJC_ARC = YES;
				CLANG_ENABLE_OBJC_WEAK = YES;
				CLANG_WARN_BLOCK_CAPTURE_AUTORELEASING = YES;
				CLANG_WARN_BOOL_CONVERSION = YES;
				CLANG_WARN_COMMA = YES;
				CLANG_WARN_CONSTANT_CONVERSION = YES;
				CLANG_WARN_DEPRECATED_OBJC_IMPLEMENTATIONS = YES;
				CLANG_WARN_DIRECT_OBJC_ISA_USAGE = YES_ERROR;
				CLANG_WARN_DOCUMENTATION_COMMENTS = YES;
				CLANG_WARN_EMPTY_BODY = YES;
				CLANG_WARN_ENUM_CONVERSION = YES;
				CLANG_WARN_INFINITE_RECURSION = YES;
				CLANG_WARN_INT_CONVERSION = YES;
				CLANG_WARN_NON_LITERAL_NULL_CONVERSION = YES;
				CLANG_WARN_OBJC_IMPLICIT_RETAIN_SELF = YES;
				CLANG_WARN_OBJC_LITERAL_CONVERSION = YES;
				CLANG_WARN_OBJC_ROOT_CLASS = YES_ERROR;
				CLANG_WARN_RANGE_LOOP_ANALYSIS = YES;
				CLANG_WARN_STRICT_PROTOTYPES = YES;
				CLANG_WARN_SUSPICIOUS_MOVE = YES;
				CLANG_WARN_UNGUARDED_AVAILABILITY = YES_AGGRESSIVE;
				CLANG_WARN_UNREACHABLE_CODE = YES;
				CLANG_WARN__DUPLICATE_METHOD_MATCH = YES;
				CODE_SIGN_IDENTITY = "iPhone Developer";
				COPY_PHASE_STRIP = NO;
				CURRENT_PROJECT_VERSION = 1;
				DEBUG_INFORMATION_FORMAT = "dwarf-with-dsym";
				ENABLE_NS_ASSERTIONS = NO;
				ENABLE_STRICT_OBJC_MSGSEND = YES;
				GCC_C_LANGUAGE_STANDARD = gnu11;
				GCC_NO_COMMON_BLOCKS = YES;
				GCC_WARN_64_TO_32_BIT_CONVERSION = YES;
				GCC_WARN_ABOUT_RETURN_TYPE = YES_ERROR;
				GCC_WARN_UNDECLARED_SELECTOR = YES;
				GCC_WARN_UNINITIALIZED_AUTOS = YES_AGGRESSIVE;
				GCC_WARN_UNUSED_FUNCTION = YES;
				GCC_WARN_UNUSED_VARIABLE = YES;
				IPHONEOS_DEPLOYMENT_TARGET = 12.1;
				MTL_ENABLE_DEBUG_INFO = NO;
				MTL_FAST_MATH = YES;
				SDKROOT = iphoneos;
				SWIFT_COMPILATION_MODE = wholemodule;
				SWIFT_OPTIMIZATION_LEVEL = "-O";
				SWIFT_VERSION = 4.0;
				VALIDATE_PRODUCT = YES;
				VERSIONING_SYSTEM = "apple-generic";
				VERSION_INFO_PREFIX = "";
			};
			name = Release;
		};
		3B99B06A2226251B00A1B599 /* Debug */ = {
			isa = XCBuildConfiguration;
			baseConfigurationReference = 890110000F200FAF616C6E2E /* Pods-All-SLPWallet.debug.xcconfig */;
			buildSettings = {
				CLANG_ENABLE_MODULES = YES;
				CODE_SIGN_IDENTITY = "";
				CODE_SIGN_STYLE = Automatic;
				DEFINES_MODULE = YES;
				DEVELOPMENT_TEAM = 299HJ3G3BP;
				DYLIB_COMPATIBILITY_VERSION = 1;
				DYLIB_CURRENT_VERSION = 1;
				DYLIB_INSTALL_NAME_BASE = "@rpath";
				INFOPLIST_FILE = SLPWallet/Info.plist;
				INSTALL_PATH = "$(LOCAL_LIBRARY_DIR)/Frameworks";
				LD_RUNPATH_SEARCH_PATHS = (
					"$(inherited)",
					"@executable_path/Frameworks",
					"@loader_path/Frameworks",
				);
				LIBRARY_SEARCH_PATHS = (
					"$(inherited)",
					"$(PROJECT_DIR)/Sample/SLPWalletTestApp/Pods/BitcoinKit/Libraries/secp256k1/lib",
					"$(PROJECT_DIR)/Sample/SLPWalletTestApp/Pods/BitcoinKit/Libraries/openssl/lib",
				);
				PRODUCT_BUNDLE_IDENTIFIER = com.bitcoin.SLPWallet;
				PRODUCT_NAME = "$(TARGET_NAME:c99extidentifier)";
				SKIP_INSTALL = YES;
				SWIFT_OPTIMIZATION_LEVEL = "-Onone";
				SWIFT_VERSION = 4.0;
				TARGETED_DEVICE_FAMILY = "1,2";
			};
			name = Debug;
		};
		3B99B06B2226251B00A1B599 /* Release */ = {
			isa = XCBuildConfiguration;
			baseConfigurationReference = FB3A348EC237FAE26363CAC1 /* Pods-All-SLPWallet.release.xcconfig */;
			buildSettings = {
				CLANG_ENABLE_MODULES = YES;
				CODE_SIGN_IDENTITY = "";
				CODE_SIGN_STYLE = Automatic;
				DEFINES_MODULE = YES;
				DEVELOPMENT_TEAM = 299HJ3G3BP;
				DYLIB_COMPATIBILITY_VERSION = 1;
				DYLIB_CURRENT_VERSION = 1;
				DYLIB_INSTALL_NAME_BASE = "@rpath";
				INFOPLIST_FILE = SLPWallet/Info.plist;
				INSTALL_PATH = "$(LOCAL_LIBRARY_DIR)/Frameworks";
				LD_RUNPATH_SEARCH_PATHS = (
					"$(inherited)",
					"@executable_path/Frameworks",
					"@loader_path/Frameworks",
				);
				LIBRARY_SEARCH_PATHS = (
					"$(inherited)",
					"$(PROJECT_DIR)/Sample/SLPWalletTestApp/Pods/BitcoinKit/Libraries/secp256k1/lib",
					"$(PROJECT_DIR)/Sample/SLPWalletTestApp/Pods/BitcoinKit/Libraries/openssl/lib",
				);
				PRODUCT_BUNDLE_IDENTIFIER = com.bitcoin.SLPWallet;
				PRODUCT_NAME = "$(TARGET_NAME:c99extidentifier)";
				SKIP_INSTALL = YES;
				SWIFT_VERSION = 4.0;
				TARGETED_DEVICE_FAMILY = "1,2";
			};
			name = Release;
		};
		3B99B06D2226251B00A1B599 /* Debug */ = {
			isa = XCBuildConfiguration;
			baseConfigurationReference = F1DBD6941A749C2400954E1F /* Pods-SLPWalletTests.debug.xcconfig */;
			buildSettings = {
				BUNDLE_LOADER = "$(TEST_HOST)";
				CODE_SIGN_ENTITLEMENTS = "${SRCROOT}/SLPWalletTests/SLPWalletTests.entitlements";
				CODE_SIGN_STYLE = Automatic;
				DEVELOPMENT_TEAM = 299HJ3G3BP;
				INFOPLIST_FILE = SLPWalletTests/Info.plist;
				LD_RUNPATH_SEARCH_PATHS = (
					"$(inherited)",
					"@executable_path/Frameworks",
					"@loader_path/Frameworks",
				);
				PRODUCT_BUNDLE_IDENTIFIER = com.bitcoin.SLPWalletTests;
				PRODUCT_NAME = "$(TARGET_NAME)";
				SWIFT_VERSION = 4.0;
				TARGETED_DEVICE_FAMILY = "1,2";
				TEST_HOST = "$(BUILT_PRODUCTS_DIR)/SLPWalletHostTests.app/SLPWalletHostTests";
			};
			name = Debug;
		};
		3B99B06E2226251B00A1B599 /* Release */ = {
			isa = XCBuildConfiguration;
			baseConfigurationReference = 1DFFAD2AFD166179BF17DA9E /* Pods-SLPWalletTests.release.xcconfig */;
			buildSettings = {
				BUNDLE_LOADER = "$(TEST_HOST)";
				CODE_SIGN_ENTITLEMENTS = "${SRCROOT}/SLPWalletTests/SLPWalletTests.entitlements";
				CODE_SIGN_STYLE = Automatic;
				DEVELOPMENT_TEAM = 299HJ3G3BP;
				INFOPLIST_FILE = SLPWalletTests/Info.plist;
				LD_RUNPATH_SEARCH_PATHS = (
					"$(inherited)",
					"@executable_path/Frameworks",
					"@loader_path/Frameworks",
				);
				PRODUCT_BUNDLE_IDENTIFIER = com.bitcoin.SLPWalletTests;
				PRODUCT_NAME = "$(TARGET_NAME)";
				SWIFT_VERSION = 4.0;
				TARGETED_DEVICE_FAMILY = "1,2";
				TEST_HOST = "$(BUILT_PRODUCTS_DIR)/SLPWalletHostTests.app/SLPWalletHostTests";
			};
			name = Release;
		};
		3BD7509222358D9A00CF5072 /* Debug */ = {
			isa = XCBuildConfiguration;
			buildSettings = {
				ASSETCATALOG_COMPILER_APPICON_NAME = AppIcon;
				CODE_SIGN_STYLE = Automatic;
				DEVELOPMENT_TEAM = 299HJ3G3BP;
				INFOPLIST_FILE = SLPWalletHostTests/Info.plist;
				LD_RUNPATH_SEARCH_PATHS = (
					"$(inherited)",
					"@executable_path/Frameworks",
				);
				PRODUCT_BUNDLE_IDENTIFIER = com.bitcoin.SLPWalletHostTests;
				PRODUCT_NAME = "$(TARGET_NAME)";
				SWIFT_VERSION = 4.2;
				TARGETED_DEVICE_FAMILY = "1,2";
			};
			name = Debug;
		};
		3BD7509322358D9A00CF5072 /* Release */ = {
			isa = XCBuildConfiguration;
			buildSettings = {
				ASSETCATALOG_COMPILER_APPICON_NAME = AppIcon;
				CODE_SIGN_STYLE = Automatic;
				DEVELOPMENT_TEAM = 299HJ3G3BP;
				INFOPLIST_FILE = SLPWalletHostTests/Info.plist;
				LD_RUNPATH_SEARCH_PATHS = (
					"$(inherited)",
					"@executable_path/Frameworks",
				);
				PRODUCT_BUNDLE_IDENTIFIER = com.bitcoin.SLPWalletHostTests;
				PRODUCT_NAME = "$(TARGET_NAME)";
				SWIFT_VERSION = 4.2;
				TARGETED_DEVICE_FAMILY = "1,2";
			};
			name = Release;
		};
/* End XCBuildConfiguration section */

/* Begin XCConfigurationList section */
		3B99B04F2226251B00A1B599 /* Build configuration list for PBXProject "SLPWallet" */ = {
			isa = XCConfigurationList;
			buildConfigurations = (
				3B99B0672226251B00A1B599 /* Debug */,
				3B99B0682226251B00A1B599 /* Release */,
			);
			defaultConfigurationIsVisible = 0;
			defaultConfigurationName = Release;
		};
		3B99B0692226251B00A1B599 /* Build configuration list for PBXNativeTarget "SLPWallet" */ = {
			isa = XCConfigurationList;
			buildConfigurations = (
				3B99B06A2226251B00A1B599 /* Debug */,
				3B99B06B2226251B00A1B599 /* Release */,
			);
			defaultConfigurationIsVisible = 0;
			defaultConfigurationName = Release;
		};
		3B99B06C2226251B00A1B599 /* Build configuration list for PBXNativeTarget "SLPWalletTests" */ = {
			isa = XCConfigurationList;
			buildConfigurations = (
				3B99B06D2226251B00A1B599 /* Debug */,
				3B99B06E2226251B00A1B599 /* Release */,
			);
			defaultConfigurationIsVisible = 0;
			defaultConfigurationName = Release;
		};
		3BD7509122358D9A00CF5072 /* Build configuration list for PBXNativeTarget "SLPWalletHostTests" */ = {
			isa = XCConfigurationList;
			buildConfigurations = (
				3BD7509222358D9A00CF5072 /* Debug */,
				3BD7509322358D9A00CF5072 /* Release */,
			);
			defaultConfigurationIsVisible = 0;
			defaultConfigurationName = Release;
		};
/* End XCConfigurationList section */
	};
	rootObject = 3B99B04C2226251B00A1B599 /* Project object */;
}
